// !$*UTF8*$!
{
	archiveVersion = 1;
	classes = {
	};
	objectVersion = 54;
	objects = {

/* Begin PBXBuildFile section */
		00E356F31AD99517003FC87E /* DemosAppTests.m in Sources */ = {isa = PBXBuildFile; fileRef = 00E356F21AD99517003FC87E /* DemosAppTests.m */; };
		0C80B921A6F3F58F76C31292 /* libPods-DemosApp.a in Frameworks */ = {isa = PBXBuildFile; fileRef = 5DCACB8F33CDC322A6C60F78 /* libPods-DemosApp.a */; };
		13B07FBC1A68108700A75B9A /* AppDelegate.mm in Sources */ = {isa = PBXBuildFile; fileRef = 13B07FB01A68108700A75B9A /* AppDelegate.mm */; };
		13B07FBF1A68108700A75B9A /* Images.xcassets in Resources */ = {isa = PBXBuildFile; fileRef = 13B07FB51A68108700A75B9A /* Images.xcassets */; };
		13B07FC11A68108700A75B9A /* main.m in Sources */ = {isa = PBXBuildFile; fileRef = 13B07FB71A68108700A75B9A /* main.m */; };
		196A81F42ABC8C6F0089FB41 /* AIRMapCalloutManager.m in Sources */ = {isa = PBXBuildFile; fileRef = 196A81812ABC8C6F0089FB41 /* AIRMapCalloutManager.m */; };
		196A81F52ABC8C6F0089FB41 /* AIRMapUrlTileCachedOverlay.m in Sources */ = {isa = PBXBuildFile; fileRef = 196A81882ABC8C6F0089FB41 /* AIRMapUrlTileCachedOverlay.m */; };
		196A81F62ABC8C6F0089FB41 /* AIRMapLocalTile.m in Sources */ = {isa = PBXBuildFile; fileRef = 196A818A2ABC8C6F0089FB41 /* AIRMapLocalTile.m */; };
		196A81F72ABC8C6F0089FB41 /* AIRMapMarkerManager.m in Sources */ = {isa = PBXBuildFile; fileRef = 196A818D2ABC8C6F0089FB41 /* AIRMapMarkerManager.m */; };
		196A81F82ABC8C6F0089FB41 /* AIRMapUrlTile.m in Sources */ = {isa = PBXBuildFile; fileRef = 196A818F2ABC8C6F0089FB41 /* AIRMapUrlTile.m */; };
		196A81F92ABC8C6F0089FB41 /* AIRMapPolylineRenderer.m in Sources */ = {isa = PBXBuildFile; fileRef = 196A81902ABC8C6F0089FB41 /* AIRMapPolylineRenderer.m */; };
		196A81FA2ABC8C6F0089FB41 /* AIRMapOverlayManager.m in Sources */ = {isa = PBXBuildFile; fileRef = 196A81912ABC8C6F0089FB41 /* AIRMapOverlayManager.m */; };
		196A81FB2ABC8C6F0089FB41 /* AIRMapCoordinate.m in Sources */ = {isa = PBXBuildFile; fileRef = 196A81942ABC8C6F0089FB41 /* AIRMapCoordinate.m */; };
		196A81FC2ABC8C6F0089FB41 /* AIRMapCalloutSubview.m in Sources */ = {isa = PBXBuildFile; fileRef = 196A81962ABC8C6F0089FB41 /* AIRMapCalloutSubview.m */; };
		196A81FD2ABC8C6F0089FB41 /* AIRMapPolylineManager.m in Sources */ = {isa = PBXBuildFile; fileRef = 196A819A2ABC8C6F0089FB41 /* AIRMapPolylineManager.m */; };
		196A81FE2ABC8C6F0089FB41 /* SMCalloutView.m in Sources */ = {isa = PBXBuildFile; fileRef = 196A819D2ABC8C6F0089FB41 /* SMCalloutView.m */; };
		196A81FF2ABC8C6F0089FB41 /* AIRMapLocalTileOverlay.m in Sources */ = {isa = PBXBuildFile; fileRef = 196A819F2ABC8C6F0089FB41 /* AIRMapLocalTileOverlay.m */; };
		196A82002ABC8C6F0089FB41 /* AIRWeakTimerReference.m in Sources */ = {isa = PBXBuildFile; fileRef = 196A81A02ABC8C6F0089FB41 /* AIRWeakTimerReference.m */; };
		196A82012ABC8C6F0089FB41 /* AIRMapCallout.m in Sources */ = {isa = PBXBuildFile; fileRef = 196A81A12ABC8C6F0089FB41 /* AIRMapCallout.m */; };
		196A82022ABC8C6F0089FB41 /* AIRMapLocalTileManager.m in Sources */ = {isa = PBXBuildFile; fileRef = 196A81A22ABC8C6F0089FB41 /* AIRMapLocalTileManager.m */; };
		196A82032ABC8C6F0089FB41 /* AIRMapPolyline.m in Sources */ = {isa = PBXBuildFile; fileRef = 196A81A32ABC8C6F0089FB41 /* AIRMapPolyline.m */; };
		196A82042ABC8C6F0089FB41 /* AIRWeakMapReference.m in Sources */ = {isa = PBXBuildFile; fileRef = 196A81A52ABC8C6F0089FB41 /* AIRWeakMapReference.m */; };
		196A82052ABC8C6F0089FB41 /* AIRMapCircleManager.m in Sources */ = {isa = PBXBuildFile; fileRef = 196A81A72ABC8C6F0089FB41 /* AIRMapCircleManager.m */; };
		196A82062ABC8C6F0089FB41 /* AIRMapMarker.m in Sources */ = {isa = PBXBuildFile; fileRef = 196A81A82ABC8C6F0089FB41 /* AIRMapMarker.m */; };
		196A82072ABC8C6F0089FB41 /* AIRMapPolygonManager.m in Sources */ = {isa = PBXBuildFile; fileRef = 196A81A92ABC8C6F0089FB41 /* AIRMapPolygonManager.m */; };
		196A82082ABC8C6F0089FB41 /* AIRMapPolygon.m in Sources */ = {isa = PBXBuildFile; fileRef = 196A81AA2ABC8C6F0089FB41 /* AIRMapPolygon.m */; };
		196A82092ABC8C6F0089FB41 /* AIRMap.m in Sources */ = {isa = PBXBuildFile; fileRef = 196A81AB2ABC8C6F0089FB41 /* AIRMap.m */; };
		196A820A2ABC8C6F0089FB41 /* AIRMapCircle.m in Sources */ = {isa = PBXBuildFile; fileRef = 196A81AD2ABC8C6F0089FB41 /* AIRMapCircle.m */; };
		196A820B2ABC8C6F0089FB41 /* AIRMapWMSTile.m in Sources */ = {isa = PBXBuildFile; fileRef = 196A81AF2ABC8C6F0089FB41 /* AIRMapWMSTile.m */; };
		196A820C2ABC8C6F0089FB41 /* AIRMapCalloutSubviewManager.m in Sources */ = {isa = PBXBuildFile; fileRef = 196A81B22ABC8C6F0089FB41 /* AIRMapCalloutSubviewManager.m */; };
		196A820D2ABC8C6F0089FB41 /* AIRMapUrlTileManager.m in Sources */ = {isa = PBXBuildFile; fileRef = 196A81B32ABC8C6F0089FB41 /* AIRMapUrlTileManager.m */; };
		196A820E2ABC8C6F0089FB41 /* AIRMapWMSTileManager.m in Sources */ = {isa = PBXBuildFile; fileRef = 196A81B52ABC8C6F0089FB41 /* AIRMapWMSTileManager.m */; };
		196A820F2ABC8C6F0089FB41 /* AIRMapManager.m in Sources */ = {isa = PBXBuildFile; fileRef = 196A81B82ABC8C6F0089FB41 /* AIRMapManager.m */; };
		196A82102ABC8C6F0089FB41 /* AIRMapOverlay.m in Sources */ = {isa = PBXBuildFile; fileRef = 196A81B92ABC8C6F0089FB41 /* AIRMapOverlay.m */; };
		196A82112ABC8C6F0089FB41 /* AIRMapOverlayRenderer.m in Sources */ = {isa = PBXBuildFile; fileRef = 196A81BA2ABC8C6F0089FB41 /* AIRMapOverlayRenderer.m */; };
		196A82122ABC8C6F0089FB41 /* RCTConvert+AirMap.m in Sources */ = {isa = PBXBuildFile; fileRef = 196A81BC2ABC8C6F0089FB41 /* RCTConvert+AirMap.m */; };
		196A82132ABC8C6F0089FB41 /* AIRDummyView.m in Sources */ = {isa = PBXBuildFile; fileRef = 196A81BE2ABC8C6F0089FB41 /* AIRDummyView.m */; };
		196A82142ABC8C6F0089FB41 /* AIRGoogleMapUrlTile.m in Sources */ = {isa = PBXBuildFile; fileRef = 196A81C22ABC8C6F0089FB41 /* AIRGoogleMapUrlTile.m */; };
		196A82152ABC8C6F0089FB41 /* AIRGoogleMapPolygonManager.m in Sources */ = {isa = PBXBuildFile; fileRef = 196A81C52ABC8C6F0089FB41 /* AIRGoogleMapPolygonManager.m */; };
		196A82162ABC8C6F0089FB41 /* AIRGoogleMapMarker.m in Sources */ = {isa = PBXBuildFile; fileRef = 196A81C82ABC8C6F0089FB41 /* AIRGoogleMapMarker.m */; };
		196A82172ABC8C6F0089FB41 /* AIRGMSPolygon.m in Sources */ = {isa = PBXBuildFile; fileRef = 196A81CC2ABC8C6F0089FB41 /* AIRGMSPolygon.m */; };
		196A82182ABC8C6F0089FB41 /* AIRGoogleMapURLTileManager.m in Sources */ = {isa = PBXBuildFile; fileRef = 196A81CD2ABC8C6F0089FB41 /* AIRGoogleMapURLTileManager.m */; };
		196A82192ABC8C6F0089FB41 /* AIRGoogleMapWMSTileManager.m in Sources */ = {isa = PBXBuildFile; fileRef = 196A81CE2ABC8C6F0089FB41 /* AIRGoogleMapWMSTileManager.m */; };
		196A821A2ABC8C6F0089FB41 /* AIRGoogleMapCircle.m in Sources */ = {isa = PBXBuildFile; fileRef = 196A81CF2ABC8C6F0089FB41 /* AIRGoogleMapCircle.m */; };
		196A821B2ABC8C6F0089FB41 /* AIRGoogleMapCircleManager.m in Sources */ = {isa = PBXBuildFile; fileRef = 196A81D72ABC8C6F0089FB41 /* AIRGoogleMapCircleManager.m */; };
		196A821C2ABC8C6F0089FB41 /* AIRGoogleMapCalloutManager.m in Sources */ = {isa = PBXBuildFile; fileRef = 196A81D92ABC8C6F0089FB41 /* AIRGoogleMapCalloutManager.m */; };
		196A821D2ABC8C6F0089FB41 /* AIRGoogleMapMarkerManager.m in Sources */ = {isa = PBXBuildFile; fileRef = 196A81DA2ABC8C6F0089FB41 /* AIRGoogleMapMarkerManager.m */; };
		196A821E2ABC8C6F0089FB41 /* AIRGoogleMapPolyline.m in Sources */ = {isa = PBXBuildFile; fileRef = 196A81DC2ABC8C6F0089FB41 /* AIRGoogleMapPolyline.m */; };
		196A821F2ABC8C6F0089FB41 /* AIRGoogleMapHeatmapManager.m in Sources */ = {isa = PBXBuildFile; fileRef = 196A81DD2ABC8C6F0089FB41 /* AIRGoogleMapHeatmapManager.m */; };
		196A82202ABC8C6F0089FB41 /* AIRGoogleMapWMSTile.m in Sources */ = {isa = PBXBuildFile; fileRef = 196A81DE2ABC8C6F0089FB41 /* AIRGoogleMapWMSTile.m */; };
		196A82212ABC8C6F0089FB41 /* AIRGoogleMapOverlay.m in Sources */ = {isa = PBXBuildFile; fileRef = 196A81E12ABC8C6F0089FB41 /* AIRGoogleMapOverlay.m */; };
		196A82222ABC8C6F0089FB41 /* AIRGMSPolyline.m in Sources */ = {isa = PBXBuildFile; fileRef = 196A81E22ABC8C6F0089FB41 /* AIRGMSPolyline.m */; };
		196A82232ABC8C6F0089FB41 /* AIRGoogleMapPolylineManager.m in Sources */ = {isa = PBXBuildFile; fileRef = 196A81E32ABC8C6F0089FB41 /* AIRGoogleMapPolylineManager.m */; };
		196A82242ABC8C6F0089FB41 /* AIRGoogleMapManager.m in Sources */ = {isa = PBXBuildFile; fileRef = 196A81E42ABC8C6F0089FB41 /* AIRGoogleMapManager.m */; };
		196A82252ABC8C6F0089FB41 /* RCTConvert+GMSMapViewType.m in Sources */ = {isa = PBXBuildFile; fileRef = 196A81E72ABC8C6F0089FB41 /* RCTConvert+GMSMapViewType.m */; };
		196A82262ABC8C6F0089FB41 /* AIRGoogleMapCalloutSubviewManager.m in Sources */ = {isa = PBXBuildFile; fileRef = 196A81E82ABC8C6F0089FB41 /* AIRGoogleMapCalloutSubviewManager.m */; };
		196A82272ABC8C6F0089FB41 /* AIRGoogleMapCallout.m in Sources */ = {isa = PBXBuildFile; fileRef = 196A81E92ABC8C6F0089FB41 /* AIRGoogleMapCallout.m */; };
		196A82282ABC8C6F0089FB41 /* AIRGoogleMapOverlayManager.m in Sources */ = {isa = PBXBuildFile; fileRef = 196A81EA2ABC8C6F0089FB41 /* AIRGoogleMapOverlayManager.m */; };
		196A82292ABC8C6F0089FB41 /* AIRGoogleMapHeatmap.m in Sources */ = {isa = PBXBuildFile; fileRef = 196A81EB2ABC8C6F0089FB41 /* AIRGoogleMapHeatmap.m */; };
		196A822A2ABC8C6F0089FB41 /* AIRGoogleMap.m in Sources */ = {isa = PBXBuildFile; fileRef = 196A81EC2ABC8C6F0089FB41 /* AIRGoogleMap.m */; };
		196A822B2ABC8C6F0089FB41 /* AIRGoogleMapPolygon.m in Sources */ = {isa = PBXBuildFile; fileRef = 196A81F12ABC8C6F0089FB41 /* AIRGoogleMapPolygon.m */; };
		196A822C2ABC8C6F0089FB41 /* AIRGMSMarker.m in Sources */ = {isa = PBXBuildFile; fileRef = 196A81F22ABC8C6F0089FB41 /* AIRGMSMarker.m */; };
		196A822D2ABC8C6F0089FB41 /* AIRGoogleMapCalloutSubview.m in Sources */ = {isa = PBXBuildFile; fileRef = 196A81F32ABC8C6F0089FB41 /* AIRGoogleMapCalloutSubview.m */; };
		7699B88040F8A987B510C191 /* libPods-DemosApp-DemosAppTests.a in Frameworks */ = {isa = PBXBuildFile; fileRef = 19F6CBCC0A4E27FBF8BF4A61 /* libPods-DemosApp-DemosAppTests.a */; };
		81AB9BB82411601600AC10FF /* LaunchScreen.storyboard in Resources */ = {isa = PBXBuildFile; fileRef = 81AB9BB72411601600AC10FF /* LaunchScreen.storyboard */; };
/* End PBXBuildFile section */

/* Begin PBXContainerItemProxy section */
		00E356F41AD99517003FC87E /* PBXContainerItemProxy */ = {
			isa = PBXContainerItemProxy;
			containerPortal = 83CBB9F71A601CBA00E9B192 /* Project object */;
			proxyType = 1;
			remoteGlobalIDString = 13B07F861A680F5B00A75B9A;
			remoteInfo = DemosApp;
		};
/* End PBXContainerItemProxy section */

/* Begin PBXFileReference section */
		00E356EE1AD99517003FC87E /* DemosAppTests.xctest */ = {isa = PBXFileReference; explicitFileType = wrapper.cfbundle; includeInIndex = 0; path = DemosAppTests.xctest; sourceTree = BUILT_PRODUCTS_DIR; };
		00E356F11AD99517003FC87E /* Info.plist */ = {isa = PBXFileReference; lastKnownFileType = text.plist.xml; path = Info.plist; sourceTree = "<group>"; };
		00E356F21AD99517003FC87E /* DemosAppTests.m */ = {isa = PBXFileReference; lastKnownFileType = sourcecode.c.objc; path = DemosAppTests.m; sourceTree = "<group>"; };
		13B07F961A680F5B00A75B9A /* DemosApp.app */ = {isa = PBXFileReference; explicitFileType = wrapper.application; includeInIndex = 0; path = DemosApp.app; sourceTree = BUILT_PRODUCTS_DIR; };
		13B07FAF1A68108700A75B9A /* AppDelegate.h */ = {isa = PBXFileReference; fileEncoding = 4; lastKnownFileType = sourcecode.c.h; name = AppDelegate.h; path = DemosApp/AppDelegate.h; sourceTree = "<group>"; };
		13B07FB01A68108700A75B9A /* AppDelegate.mm */ = {isa = PBXFileReference; fileEncoding = 4; lastKnownFileType = sourcecode.cpp.objcpp; name = AppDelegate.mm; path = DemosApp/AppDelegate.mm; sourceTree = "<group>"; };
		13B07FB51A68108700A75B9A /* Images.xcassets */ = {isa = PBXFileReference; lastKnownFileType = folder.assetcatalog; name = Images.xcassets; path = DemosApp/Images.xcassets; sourceTree = "<group>"; };
		13B07FB61A68108700A75B9A /* Info.plist */ = {isa = PBXFileReference; fileEncoding = 4; lastKnownFileType = text.plist.xml; name = Info.plist; path = DemosApp/Info.plist; sourceTree = "<group>"; };
		13B07FB71A68108700A75B9A /* main.m */ = {isa = PBXFileReference; fileEncoding = 4; lastKnownFileType = sourcecode.c.objc; name = main.m; path = DemosApp/main.m; sourceTree = "<group>"; };
		196A817D2ABC8C6F0089FB41 /* AIRMapLocalTileManager.h */ = {isa = PBXFileReference; fileEncoding = 4; lastKnownFileType = sourcecode.c.h; path = AIRMapLocalTileManager.h; sourceTree = "<group>"; };
		196A817E2ABC8C6F0089FB41 /* AIRMapCallout.h */ = {isa = PBXFileReference; fileEncoding = 4; lastKnownFileType = sourcecode.c.h; path = AIRMapCallout.h; sourceTree = "<group>"; };
		196A817F2ABC8C6F0089FB41 /* AIRWeakTimerReference.h */ = {isa = PBXFileReference; fileEncoding = 4; lastKnownFileType = sourcecode.c.h; path = AIRWeakTimerReference.h; sourceTree = "<group>"; };
		196A81802ABC8C6F0089FB41 /* AIRMapLocalTileOverlay.h */ = {isa = PBXFileReference; fileEncoding = 4; lastKnownFileType = sourcecode.c.h; path = AIRMapLocalTileOverlay.h; sourceTree = "<group>"; };
		196A81812ABC8C6F0089FB41 /* AIRMapCalloutManager.m */ = {isa = PBXFileReference; fileEncoding = 4; lastKnownFileType = sourcecode.c.objc; path = AIRMapCalloutManager.m; sourceTree = "<group>"; };
		196A81822ABC8C6F0089FB41 /* AIRMap.h */ = {isa = PBXFileReference; fileEncoding = 4; lastKnownFileType = sourcecode.c.h; path = AIRMap.h; sourceTree = "<group>"; };
		196A81832ABC8C6F0089FB41 /* AIRMapPolygon.h */ = {isa = PBXFileReference; fileEncoding = 4; lastKnownFileType = sourcecode.c.h; path = AIRMapPolygon.h; sourceTree = "<group>"; };
		196A81842ABC8C6F0089FB41 /* AIRMapPolygonManager.h */ = {isa = PBXFileReference; fileEncoding = 4; lastKnownFileType = sourcecode.c.h; path = AIRMapPolygonManager.h; sourceTree = "<group>"; };
		196A81852ABC8C6F0089FB41 /* AIRMapMarker.h */ = {isa = PBXFileReference; fileEncoding = 4; lastKnownFileType = sourcecode.c.h; path = AIRMapMarker.h; sourceTree = "<group>"; };
		196A81862ABC8C6F0089FB41 /* AIRMapCircleManager.h */ = {isa = PBXFileReference; fileEncoding = 4; lastKnownFileType = sourcecode.c.h; path = AIRMapCircleManager.h; sourceTree = "<group>"; };
		196A81872ABC8C6F0089FB41 /* AIRWeakMapReference.h */ = {isa = PBXFileReference; fileEncoding = 4; lastKnownFileType = sourcecode.c.h; path = AIRWeakMapReference.h; sourceTree = "<group>"; };
		196A81882ABC8C6F0089FB41 /* AIRMapUrlTileCachedOverlay.m */ = {isa = PBXFileReference; fileEncoding = 4; lastKnownFileType = sourcecode.c.objc; path = AIRMapUrlTileCachedOverlay.m; sourceTree = "<group>"; };
		196A81892ABC8C6F0089FB41 /* AIRMapPolyline.h */ = {isa = PBXFileReference; fileEncoding = 4; lastKnownFileType = sourcecode.c.h; path = AIRMapPolyline.h; sourceTree = "<group>"; };
		196A818A2ABC8C6F0089FB41 /* AIRMapLocalTile.m */ = {isa = PBXFileReference; fileEncoding = 4; lastKnownFileType = sourcecode.c.objc; path = AIRMapLocalTile.m; sourceTree = "<group>"; };
		196A818B2ABC8C6F0089FB41 /* AIRMapWMSTileManager.h */ = {isa = PBXFileReference; fileEncoding = 4; lastKnownFileType = sourcecode.c.h; path = AIRMapWMSTileManager.h; sourceTree = "<group>"; };
		196A818C2ABC8C6F0089FB41 /* AIRMapUrlTileManager.h */ = {isa = PBXFileReference; fileEncoding = 4; lastKnownFileType = sourcecode.c.h; path = AIRMapUrlTileManager.h; sourceTree = "<group>"; };
		196A818D2ABC8C6F0089FB41 /* AIRMapMarkerManager.m */ = {isa = PBXFileReference; fileEncoding = 4; lastKnownFileType = sourcecode.c.objc; path = AIRMapMarkerManager.m; sourceTree = "<group>"; };
		196A818E2ABC8C6F0089FB41 /* AIRMapCalloutSubviewManager.h */ = {isa = PBXFileReference; fileEncoding = 4; lastKnownFileType = sourcecode.c.h; path = AIRMapCalloutSubviewManager.h; sourceTree = "<group>"; };
		196A818F2ABC8C6F0089FB41 /* AIRMapUrlTile.m */ = {isa = PBXFileReference; fileEncoding = 4; lastKnownFileType = sourcecode.c.objc; path = AIRMapUrlTile.m; sourceTree = "<group>"; };
		196A81902ABC8C6F0089FB41 /* AIRMapPolylineRenderer.m */ = {isa = PBXFileReference; fileEncoding = 4; lastKnownFileType = sourcecode.c.objc; path = AIRMapPolylineRenderer.m; sourceTree = "<group>"; };
		196A81912ABC8C6F0089FB41 /* AIRMapOverlayManager.m */ = {isa = PBXFileReference; fileEncoding = 4; lastKnownFileType = sourcecode.c.objc; path = AIRMapOverlayManager.m; sourceTree = "<group>"; };
		196A81922ABC8C6F0089FB41 /* AIRMapWMSTile.h */ = {isa = PBXFileReference; fileEncoding = 4; lastKnownFileType = sourcecode.c.h; path = AIRMapWMSTile.h; sourceTree = "<group>"; };
		196A81932ABC8C6F0089FB41 /* AIRMapCircle.h */ = {isa = PBXFileReference; fileEncoding = 4; lastKnownFileType = sourcecode.c.h; path = AIRMapCircle.h; sourceTree = "<group>"; };
		196A81942ABC8C6F0089FB41 /* AIRMapCoordinate.m */ = {isa = PBXFileReference; fileEncoding = 4; lastKnownFileType = sourcecode.c.objc; path = AIRMapCoordinate.m; sourceTree = "<group>"; };
		196A81952ABC8C6F0089FB41 /* RCTConvert+AirMap.h */ = {isa = PBXFileReference; fileEncoding = 4; lastKnownFileType = sourcecode.c.h; path = "RCTConvert+AirMap.h"; sourceTree = "<group>"; };
		196A81962ABC8C6F0089FB41 /* AIRMapCalloutSubview.m */ = {isa = PBXFileReference; fileEncoding = 4; lastKnownFileType = sourcecode.c.objc; path = AIRMapCalloutSubview.m; sourceTree = "<group>"; };
		196A81972ABC8C6F0089FB41 /* AIRMapOverlay.h */ = {isa = PBXFileReference; fileEncoding = 4; lastKnownFileType = sourcecode.c.h; path = AIRMapOverlay.h; sourceTree = "<group>"; };
		196A81982ABC8C6F0089FB41 /* AIRMapOverlayRenderer.h */ = {isa = PBXFileReference; fileEncoding = 4; lastKnownFileType = sourcecode.c.h; path = AIRMapOverlayRenderer.h; sourceTree = "<group>"; };
		196A81992ABC8C6F0089FB41 /* AIRMapManager.h */ = {isa = PBXFileReference; fileEncoding = 4; lastKnownFileType = sourcecode.c.h; path = AIRMapManager.h; sourceTree = "<group>"; };
		196A819A2ABC8C6F0089FB41 /* AIRMapPolylineManager.m */ = {isa = PBXFileReference; fileEncoding = 4; lastKnownFileType = sourcecode.c.objc; path = AIRMapPolylineManager.m; sourceTree = "<group>"; };
		196A819B2ABC8C6F0089FB41 /* AIRMapCalloutManager.h */ = {isa = PBXFileReference; fileEncoding = 4; lastKnownFileType = sourcecode.c.h; path = AIRMapCalloutManager.h; sourceTree = "<group>"; };
		196A819D2ABC8C6F0089FB41 /* SMCalloutView.m */ = {isa = PBXFileReference; fileEncoding = 4; lastKnownFileType = sourcecode.c.objc; path = SMCalloutView.m; sourceTree = "<group>"; };
		196A819E2ABC8C6F0089FB41 /* SMCalloutView.h */ = {isa = PBXFileReference; fileEncoding = 4; lastKnownFileType = sourcecode.c.h; path = SMCalloutView.h; sourceTree = "<group>"; };
		196A819F2ABC8C6F0089FB41 /* AIRMapLocalTileOverlay.m */ = {isa = PBXFileReference; fileEncoding = 4; lastKnownFileType = sourcecode.c.objc; path = AIRMapLocalTileOverlay.m; sourceTree = "<group>"; };
		196A81A02ABC8C6F0089FB41 /* AIRWeakTimerReference.m */ = {isa = PBXFileReference; fileEncoding = 4; lastKnownFileType = sourcecode.c.objc; path = AIRWeakTimerReference.m; sourceTree = "<group>"; };
		196A81A12ABC8C6F0089FB41 /* AIRMapCallout.m */ = {isa = PBXFileReference; fileEncoding = 4; lastKnownFileType = sourcecode.c.objc; path = AIRMapCallout.m; sourceTree = "<group>"; };
		196A81A22ABC8C6F0089FB41 /* AIRMapLocalTileManager.m */ = {isa = PBXFileReference; fileEncoding = 4; lastKnownFileType = sourcecode.c.objc; path = AIRMapLocalTileManager.m; sourceTree = "<group>"; };
		196A81A32ABC8C6F0089FB41 /* AIRMapPolyline.m */ = {isa = PBXFileReference; fileEncoding = 4; lastKnownFileType = sourcecode.c.objc; path = AIRMapPolyline.m; sourceTree = "<group>"; };
		196A81A42ABC8C6F0089FB41 /* AIRMapSnapshot.h */ = {isa = PBXFileReference; fileEncoding = 4; lastKnownFileType = sourcecode.c.h; path = AIRMapSnapshot.h; sourceTree = "<group>"; };
		196A81A52ABC8C6F0089FB41 /* AIRWeakMapReference.m */ = {isa = PBXFileReference; fileEncoding = 4; lastKnownFileType = sourcecode.c.objc; path = AIRWeakMapReference.m; sourceTree = "<group>"; };
		196A81A62ABC8C6F0089FB41 /* AIRMapUrlTileCachedOverlay.h */ = {isa = PBXFileReference; fileEncoding = 4; lastKnownFileType = sourcecode.c.h; path = AIRMapUrlTileCachedOverlay.h; sourceTree = "<group>"; };
		196A81A72ABC8C6F0089FB41 /* AIRMapCircleManager.m */ = {isa = PBXFileReference; fileEncoding = 4; lastKnownFileType = sourcecode.c.objc; path = AIRMapCircleManager.m; sourceTree = "<group>"; };
		196A81A82ABC8C6F0089FB41 /* AIRMapMarker.m */ = {isa = PBXFileReference; fileEncoding = 4; lastKnownFileType = sourcecode.c.objc; path = AIRMapMarker.m; sourceTree = "<group>"; };
		196A81A92ABC8C6F0089FB41 /* AIRMapPolygonManager.m */ = {isa = PBXFileReference; fileEncoding = 4; lastKnownFileType = sourcecode.c.objc; path = AIRMapPolygonManager.m; sourceTree = "<group>"; };
		196A81AA2ABC8C6F0089FB41 /* AIRMapPolygon.m */ = {isa = PBXFileReference; fileEncoding = 4; lastKnownFileType = sourcecode.c.objc; path = AIRMapPolygon.m; sourceTree = "<group>"; };
		196A81AB2ABC8C6F0089FB41 /* AIRMap.m */ = {isa = PBXFileReference; fileEncoding = 4; lastKnownFileType = sourcecode.c.objc; path = AIRMap.m; sourceTree = "<group>"; };
		196A81AC2ABC8C6F0089FB41 /* AIRMapCoordinate.h */ = {isa = PBXFileReference; fileEncoding = 4; lastKnownFileType = sourcecode.c.h; path = AIRMapCoordinate.h; sourceTree = "<group>"; };
		196A81AD2ABC8C6F0089FB41 /* AIRMapCircle.m */ = {isa = PBXFileReference; fileEncoding = 4; lastKnownFileType = sourcecode.c.objc; path = AIRMapCircle.m; sourceTree = "<group>"; };
		196A81AE2ABC8C6F0089FB41 /* AIRMapOverlayManager.h */ = {isa = PBXFileReference; fileEncoding = 4; lastKnownFileType = sourcecode.c.h; path = AIRMapOverlayManager.h; sourceTree = "<group>"; };
		196A81AF2ABC8C6F0089FB41 /* AIRMapWMSTile.m */ = {isa = PBXFileReference; fileEncoding = 4; lastKnownFileType = sourcecode.c.objc; path = AIRMapWMSTile.m; sourceTree = "<group>"; };
		196A81B02ABC8C6F0089FB41 /* AIRMapPolylineRenderer.h */ = {isa = PBXFileReference; fileEncoding = 4; lastKnownFileType = sourcecode.c.h; path = AIRMapPolylineRenderer.h; sourceTree = "<group>"; };
		196A81B12ABC8C6F0089FB41 /* AIRMapUrlTile.h */ = {isa = PBXFileReference; fileEncoding = 4; lastKnownFileType = sourcecode.c.h; path = AIRMapUrlTile.h; sourceTree = "<group>"; };
		196A81B22ABC8C6F0089FB41 /* AIRMapCalloutSubviewManager.m */ = {isa = PBXFileReference; fileEncoding = 4; lastKnownFileType = sourcecode.c.objc; path = AIRMapCalloutSubviewManager.m; sourceTree = "<group>"; };
		196A81B32ABC8C6F0089FB41 /* AIRMapUrlTileManager.m */ = {isa = PBXFileReference; fileEncoding = 4; lastKnownFileType = sourcecode.c.objc; path = AIRMapUrlTileManager.m; sourceTree = "<group>"; };
		196A81B42ABC8C6F0089FB41 /* AIRMapMarkerManager.h */ = {isa = PBXFileReference; fileEncoding = 4; lastKnownFileType = sourcecode.c.h; path = AIRMapMarkerManager.h; sourceTree = "<group>"; };
		196A81B52ABC8C6F0089FB41 /* AIRMapWMSTileManager.m */ = {isa = PBXFileReference; fileEncoding = 4; lastKnownFileType = sourcecode.c.objc; path = AIRMapWMSTileManager.m; sourceTree = "<group>"; };
		196A81B62ABC8C6F0089FB41 /* AIRMapLocalTile.h */ = {isa = PBXFileReference; fileEncoding = 4; lastKnownFileType = sourcecode.c.h; path = AIRMapLocalTile.h; sourceTree = "<group>"; };
		196A81B72ABC8C6F0089FB41 /* AIRMapPolylineManager.h */ = {isa = PBXFileReference; fileEncoding = 4; lastKnownFileType = sourcecode.c.h; path = AIRMapPolylineManager.h; sourceTree = "<group>"; };
		196A81B82ABC8C6F0089FB41 /* AIRMapManager.m */ = {isa = PBXFileReference; fileEncoding = 4; lastKnownFileType = sourcecode.c.objc; path = AIRMapManager.m; sourceTree = "<group>"; };
		196A81B92ABC8C6F0089FB41 /* AIRMapOverlay.m */ = {isa = PBXFileReference; fileEncoding = 4; lastKnownFileType = sourcecode.c.objc; path = AIRMapOverlay.m; sourceTree = "<group>"; };
		196A81BA2ABC8C6F0089FB41 /* AIRMapOverlayRenderer.m */ = {isa = PBXFileReference; fileEncoding = 4; lastKnownFileType = sourcecode.c.objc; path = AIRMapOverlayRenderer.m; sourceTree = "<group>"; };
		196A81BB2ABC8C6F0089FB41 /* AIRMapCalloutSubview.h */ = {isa = PBXFileReference; fileEncoding = 4; lastKnownFileType = sourcecode.c.h; path = AIRMapCalloutSubview.h; sourceTree = "<group>"; };
		196A81BC2ABC8C6F0089FB41 /* RCTConvert+AirMap.m */ = {isa = PBXFileReference; fileEncoding = 4; lastKnownFileType = sourcecode.c.objc; path = "RCTConvert+AirMap.m"; sourceTree = "<group>"; };
		196A81BE2ABC8C6F0089FB41 /* AIRDummyView.m */ = {isa = PBXFileReference; fileEncoding = 4; lastKnownFileType = sourcecode.c.objc; path = AIRDummyView.m; sourceTree = "<group>"; };
		196A81BF2ABC8C6F0089FB41 /* AIRGoogleMapWMSTile.h */ = {isa = PBXFileReference; fileEncoding = 4; lastKnownFileType = sourcecode.c.h; path = AIRGoogleMapWMSTile.h; sourceTree = "<group>"; };
		196A81C02ABC8C6F0089FB41 /* AIRGoogleMapPolyline.h */ = {isa = PBXFileReference; fileEncoding = 4; lastKnownFileType = sourcecode.c.h; path = AIRGoogleMapPolyline.h; sourceTree = "<group>"; };
		196A81C12ABC8C6F0089FB41 /* AIRGoogleMapHeatmapManager.h */ = {isa = PBXFileReference; fileEncoding = 4; lastKnownFileType = sourcecode.c.h; path = AIRGoogleMapHeatmapManager.h; sourceTree = "<group>"; };
		196A81C22ABC8C6F0089FB41 /* AIRGoogleMapUrlTile.m */ = {isa = PBXFileReference; fileEncoding = 4; lastKnownFileType = sourcecode.c.objc; path = AIRGoogleMapUrlTile.m; sourceTree = "<group>"; };
		196A81C32ABC8C6F0089FB41 /* AIRGoogleMapMarkerManager.h */ = {isa = PBXFileReference; fileEncoding = 4; lastKnownFileType = sourcecode.c.h; path = AIRGoogleMapMarkerManager.h; sourceTree = "<group>"; };
		196A81C42ABC8C6F0089FB41 /* AIRGoogleMapCalloutManager.h */ = {isa = PBXFileReference; fileEncoding = 4; lastKnownFileType = sourcecode.c.h; path = AIRGoogleMapCalloutManager.h; sourceTree = "<group>"; };
		196A81C52ABC8C6F0089FB41 /* AIRGoogleMapPolygonManager.m */ = {isa = PBXFileReference; fileEncoding = 4; lastKnownFileType = sourcecode.c.objc; path = AIRGoogleMapPolygonManager.m; sourceTree = "<group>"; };
		196A81C62ABC8C6F0089FB41 /* RCTConvert+GMSMapViewType.h */ = {isa = PBXFileReference; fileEncoding = 4; lastKnownFileType = sourcecode.c.h; path = "RCTConvert+GMSMapViewType.h"; sourceTree = "<group>"; };
		196A81C72ABC8C6F0089FB41 /* AIRGoogleMapManager.h */ = {isa = PBXFileReference; fileEncoding = 4; lastKnownFileType = sourcecode.c.h; path = AIRGoogleMapManager.h; sourceTree = "<group>"; };
		196A81C82ABC8C6F0089FB41 /* AIRGoogleMapMarker.m */ = {isa = PBXFileReference; fileEncoding = 4; lastKnownFileType = sourcecode.c.objc; path = AIRGoogleMapMarker.m; sourceTree = "<group>"; };
		196A81C92ABC8C6F0089FB41 /* AIRGMSPolyline.h */ = {isa = PBXFileReference; fileEncoding = 4; lastKnownFileType = sourcecode.c.h; path = AIRGMSPolyline.h; sourceTree = "<group>"; };
		196A81CA2ABC8C6F0089FB41 /* AIRGoogleMapPolylineManager.h */ = {isa = PBXFileReference; fileEncoding = 4; lastKnownFileType = sourcecode.c.h; path = AIRGoogleMapPolylineManager.h; sourceTree = "<group>"; };
		196A81CB2ABC8C6F0089FB41 /* AIRGoogleMapOverlay.h */ = {isa = PBXFileReference; fileEncoding = 4; lastKnownFileType = sourcecode.c.h; path = AIRGoogleMapOverlay.h; sourceTree = "<group>"; };
		196A81CC2ABC8C6F0089FB41 /* AIRGMSPolygon.m */ = {isa = PBXFileReference; fileEncoding = 4; lastKnownFileType = sourcecode.c.objc; path = AIRGMSPolygon.m; sourceTree = "<group>"; };
		196A81CD2ABC8C6F0089FB41 /* AIRGoogleMapURLTileManager.m */ = {isa = PBXFileReference; fileEncoding = 4; lastKnownFileType = sourcecode.c.objc; path = AIRGoogleMapURLTileManager.m; sourceTree = "<group>"; };
		196A81CE2ABC8C6F0089FB41 /* AIRGoogleMapWMSTileManager.m */ = {isa = PBXFileReference; fileEncoding = 4; lastKnownFileType = sourcecode.c.objc; path = AIRGoogleMapWMSTileManager.m; sourceTree = "<group>"; };
		196A81CF2ABC8C6F0089FB41 /* AIRGoogleMapCircle.m */ = {isa = PBXFileReference; fileEncoding = 4; lastKnownFileType = sourcecode.c.objc; path = AIRGoogleMapCircle.m; sourceTree = "<group>"; };
		196A81D02ABC8C6F0089FB41 /* AIRGoogleMap.h */ = {isa = PBXFileReference; fileEncoding = 4; lastKnownFileType = sourcecode.c.h; path = AIRGoogleMap.h; sourceTree = "<group>"; };
		196A81D12ABC8C6F0089FB41 /* AIRGoogleMapHeatmap.h */ = {isa = PBXFileReference; fileEncoding = 4; lastKnownFileType = sourcecode.c.h; path = AIRGoogleMapHeatmap.h; sourceTree = "<group>"; };
		196A81D22ABC8C6F0089FB41 /* AIRGoogleMapOverlayManager.h */ = {isa = PBXFileReference; fileEncoding = 4; lastKnownFileType = sourcecode.c.h; path = AIRGoogleMapOverlayManager.h; sourceTree = "<group>"; };
		196A81D32ABC8C6F0089FB41 /* AIRGoogleMapCallout.h */ = {isa = PBXFileReference; fileEncoding = 4; lastKnownFileType = sourcecode.c.h; path = AIRGoogleMapCallout.h; sourceTree = "<group>"; };
		196A81D42ABC8C6F0089FB41 /* AIRGoogleMapCalloutSubviewManager.h */ = {isa = PBXFileReference; fileEncoding = 4; lastKnownFileType = sourcecode.c.h; path = AIRGoogleMapCalloutSubviewManager.h; sourceTree = "<group>"; };
		196A81D52ABC8C6F0089FB41 /* AIRGoogleMapCalloutSubview.h */ = {isa = PBXFileReference; fileEncoding = 4; lastKnownFileType = sourcecode.c.h; path = AIRGoogleMapCalloutSubview.h; sourceTree = "<group>"; };
		196A81D62ABC8C6F0089FB41 /* AIRGMSMarker.h */ = {isa = PBXFileReference; fileEncoding = 4; lastKnownFileType = sourcecode.c.h; path = AIRGMSMarker.h; sourceTree = "<group>"; };
		196A81D72ABC8C6F0089FB41 /* AIRGoogleMapCircleManager.m */ = {isa = PBXFileReference; fileEncoding = 4; lastKnownFileType = sourcecode.c.objc; path = AIRGoogleMapCircleManager.m; sourceTree = "<group>"; };
		196A81D82ABC8C6F0089FB41 /* AIRGoogleMapPolygon.h */ = {isa = PBXFileReference; fileEncoding = 4; lastKnownFileType = sourcecode.c.h; path = AIRGoogleMapPolygon.h; sourceTree = "<group>"; };
		196A81D92ABC8C6F0089FB41 /* AIRGoogleMapCalloutManager.m */ = {isa = PBXFileReference; fileEncoding = 4; lastKnownFileType = sourcecode.c.objc; path = AIRGoogleMapCalloutManager.m; sourceTree = "<group>"; };
		196A81DA2ABC8C6F0089FB41 /* AIRGoogleMapMarkerManager.m */ = {isa = PBXFileReference; fileEncoding = 4; lastKnownFileType = sourcecode.c.objc; path = AIRGoogleMapMarkerManager.m; sourceTree = "<group>"; };
		196A81DB2ABC8C6F0089FB41 /* AIRGoogleMapUrlTile.h */ = {isa = PBXFileReference; fileEncoding = 4; lastKnownFileType = sourcecode.c.h; path = AIRGoogleMapUrlTile.h; sourceTree = "<group>"; };
		196A81DC2ABC8C6F0089FB41 /* AIRGoogleMapPolyline.m */ = {isa = PBXFileReference; fileEncoding = 4; lastKnownFileType = sourcecode.c.objc; path = AIRGoogleMapPolyline.m; sourceTree = "<group>"; };
		196A81DD2ABC8C6F0089FB41 /* AIRGoogleMapHeatmapManager.m */ = {isa = PBXFileReference; fileEncoding = 4; lastKnownFileType = sourcecode.c.objc; path = AIRGoogleMapHeatmapManager.m; sourceTree = "<group>"; };
		196A81DE2ABC8C6F0089FB41 /* AIRGoogleMapWMSTile.m */ = {isa = PBXFileReference; fileEncoding = 4; lastKnownFileType = sourcecode.c.objc; path = AIRGoogleMapWMSTile.m; sourceTree = "<group>"; };
		196A81DF2ABC8C6F0089FB41 /* AIRDummyView.h */ = {isa = PBXFileReference; fileEncoding = 4; lastKnownFileType = sourcecode.c.h; path = AIRDummyView.h; sourceTree = "<group>"; };
		196A81E02ABC8C6F0089FB41 /* AIRGMSPolygon.h */ = {isa = PBXFileReference; fileEncoding = 4; lastKnownFileType = sourcecode.c.h; path = AIRGMSPolygon.h; sourceTree = "<group>"; };
		196A81E12ABC8C6F0089FB41 /* AIRGoogleMapOverlay.m */ = {isa = PBXFileReference; fileEncoding = 4; lastKnownFileType = sourcecode.c.objc; path = AIRGoogleMapOverlay.m; sourceTree = "<group>"; };
		196A81E22ABC8C6F0089FB41 /* AIRGMSPolyline.m */ = {isa = PBXFileReference; fileEncoding = 4; lastKnownFileType = sourcecode.c.objc; path = AIRGMSPolyline.m; sourceTree = "<group>"; };
		196A81E32ABC8C6F0089FB41 /* AIRGoogleMapPolylineManager.m */ = {isa = PBXFileReference; fileEncoding = 4; lastKnownFileType = sourcecode.c.objc; path = AIRGoogleMapPolylineManager.m; sourceTree = "<group>"; };
		196A81E42ABC8C6F0089FB41 /* AIRGoogleMapManager.m */ = {isa = PBXFileReference; fileEncoding = 4; lastKnownFileType = sourcecode.c.objc; path = AIRGoogleMapManager.m; sourceTree = "<group>"; };
		196A81E52ABC8C6F0089FB41 /* AIRGoogleMapMarker.h */ = {isa = PBXFileReference; fileEncoding = 4; lastKnownFileType = sourcecode.c.h; path = AIRGoogleMapMarker.h; sourceTree = "<group>"; };
		196A81E62ABC8C6F0089FB41 /* AIRGoogleMapPolygonManager.h */ = {isa = PBXFileReference; fileEncoding = 4; lastKnownFileType = sourcecode.c.h; path = AIRGoogleMapPolygonManager.h; sourceTree = "<group>"; };
		196A81E72ABC8C6F0089FB41 /* RCTConvert+GMSMapViewType.m */ = {isa = PBXFileReference; fileEncoding = 4; lastKnownFileType = sourcecode.c.objc; path = "RCTConvert+GMSMapViewType.m"; sourceTree = "<group>"; };
		196A81E82ABC8C6F0089FB41 /* AIRGoogleMapCalloutSubviewManager.m */ = {isa = PBXFileReference; fileEncoding = 4; lastKnownFileType = sourcecode.c.objc; path = AIRGoogleMapCalloutSubviewManager.m; sourceTree = "<group>"; };
		196A81E92ABC8C6F0089FB41 /* AIRGoogleMapCallout.m */ = {isa = PBXFileReference; fileEncoding = 4; lastKnownFileType = sourcecode.c.objc; path = AIRGoogleMapCallout.m; sourceTree = "<group>"; };
		196A81EA2ABC8C6F0089FB41 /* AIRGoogleMapOverlayManager.m */ = {isa = PBXFileReference; fileEncoding = 4; lastKnownFileType = sourcecode.c.objc; path = AIRGoogleMapOverlayManager.m; sourceTree = "<group>"; };
		196A81EB2ABC8C6F0089FB41 /* AIRGoogleMapHeatmap.m */ = {isa = PBXFileReference; fileEncoding = 4; lastKnownFileType = sourcecode.c.objc; path = AIRGoogleMapHeatmap.m; sourceTree = "<group>"; };
		196A81EC2ABC8C6F0089FB41 /* AIRGoogleMap.m */ = {isa = PBXFileReference; fileEncoding = 4; lastKnownFileType = sourcecode.c.objc; path = AIRGoogleMap.m; sourceTree = "<group>"; };
		196A81ED2ABC8C6F0089FB41 /* AIRGoogleMapCircle.h */ = {isa = PBXFileReference; fileEncoding = 4; lastKnownFileType = sourcecode.c.h; path = AIRGoogleMapCircle.h; sourceTree = "<group>"; };
		196A81EE2ABC8C6F0089FB41 /* AIRGoogleMapWMSTileManager.h */ = {isa = PBXFileReference; fileEncoding = 4; lastKnownFileType = sourcecode.c.h; path = AIRGoogleMapWMSTileManager.h; sourceTree = "<group>"; };
		196A81EF2ABC8C6F0089FB41 /* AIRGoogleMapUrlTileManager.h */ = {isa = PBXFileReference; fileEncoding = 4; lastKnownFileType = sourcecode.c.h; path = AIRGoogleMapUrlTileManager.h; sourceTree = "<group>"; };
		196A81F02ABC8C6F0089FB41 /* AIRGoogleMapCircleManager.h */ = {isa = PBXFileReference; fileEncoding = 4; lastKnownFileType = sourcecode.c.h; path = AIRGoogleMapCircleManager.h; sourceTree = "<group>"; };
		196A81F12ABC8C6F0089FB41 /* AIRGoogleMapPolygon.m */ = {isa = PBXFileReference; fileEncoding = 4; lastKnownFileType = sourcecode.c.objc; path = AIRGoogleMapPolygon.m; sourceTree = "<group>"; };
		196A81F22ABC8C6F0089FB41 /* AIRGMSMarker.m */ = {isa = PBXFileReference; fileEncoding = 4; lastKnownFileType = sourcecode.c.objc; path = AIRGMSMarker.m; sourceTree = "<group>"; };
		196A81F32ABC8C6F0089FB41 /* AIRGoogleMapCalloutSubview.m */ = {isa = PBXFileReference; fileEncoding = 4; lastKnownFileType = sourcecode.c.objc; path = AIRGoogleMapCalloutSubview.m; sourceTree = "<group>"; };
		19F6CBCC0A4E27FBF8BF4A61 /* libPods-DemosApp-DemosAppTests.a */ = {isa = PBXFileReference; explicitFileType = archive.ar; includeInIndex = 0; path = "libPods-DemosApp-DemosAppTests.a"; sourceTree = BUILT_PRODUCTS_DIR; };
		3B4392A12AC88292D35C810B /* Pods-DemosApp.debug.xcconfig */ = {isa = PBXFileReference; includeInIndex = 1; lastKnownFileType = text.xcconfig; name = "Pods-DemosApp.debug.xcconfig"; path = "Target Support Files/Pods-DemosApp/Pods-DemosApp.debug.xcconfig"; sourceTree = "<group>"; };
		5709B34CF0A7D63546082F79 /* Pods-DemosApp.release.xcconfig */ = {isa = PBXFileReference; includeInIndex = 1; lastKnownFileType = text.xcconfig; name = "Pods-DemosApp.release.xcconfig"; path = "Target Support Files/Pods-DemosApp/Pods-DemosApp.release.xcconfig"; sourceTree = "<group>"; };
		5B7EB9410499542E8C5724F5 /* Pods-DemosApp-DemosAppTests.debug.xcconfig */ = {isa = PBXFileReference; includeInIndex = 1; lastKnownFileType = text.xcconfig; name = "Pods-DemosApp-DemosAppTests.debug.xcconfig"; path = "Target Support Files/Pods-DemosApp-DemosAppTests/Pods-DemosApp-DemosAppTests.debug.xcconfig"; sourceTree = "<group>"; };
		5DCACB8F33CDC322A6C60F78 /* libPods-DemosApp.a */ = {isa = PBXFileReference; explicitFileType = archive.ar; includeInIndex = 0; path = "libPods-DemosApp.a"; sourceTree = BUILT_PRODUCTS_DIR; };
		81AB9BB72411601600AC10FF /* LaunchScreen.storyboard */ = {isa = PBXFileReference; fileEncoding = 4; lastKnownFileType = file.storyboard; name = LaunchScreen.storyboard; path = DemosApp/LaunchScreen.storyboard; sourceTree = "<group>"; };
		89C6BE57DB24E9ADA2F236DE /* Pods-DemosApp-DemosAppTests.release.xcconfig */ = {isa = PBXFileReference; includeInIndex = 1; lastKnownFileType = text.xcconfig; name = "Pods-DemosApp-DemosAppTests.release.xcconfig"; path = "Target Support Files/Pods-DemosApp-DemosAppTests/Pods-DemosApp-DemosAppTests.release.xcconfig"; sourceTree = "<group>"; };
		ED297162215061F000B7C4FE /* JavaScriptCore.framework */ = {isa = PBXFileReference; lastKnownFileType = wrapper.framework; name = JavaScriptCore.framework; path = System/Library/Frameworks/JavaScriptCore.framework; sourceTree = SDKROOT; };
/* End PBXFileReference section */

/* Begin PBXFrameworksBuildPhase section */
		00E356EB1AD99517003FC87E /* Frameworks */ = {
			isa = PBXFrameworksBuildPhase;
			buildActionMask = 2147483647;
			files = (
				7699B88040F8A987B510C191 /* libPods-DemosApp-DemosAppTests.a in Frameworks */,
			);
			runOnlyForDeploymentPostprocessing = 0;
		};
		13B07F8C1A680F5B00A75B9A /* Frameworks */ = {
			isa = PBXFrameworksBuildPhase;
			buildActionMask = 2147483647;
			files = (
				0C80B921A6F3F58F76C31292 /* libPods-DemosApp.a in Frameworks */,
			);
			runOnlyForDeploymentPostprocessing = 0;
		};
/* End PBXFrameworksBuildPhase section */

/* Begin PBXGroup section */
		00E356EF1AD99517003FC87E /* DemosAppTests */ = {
			isa = PBXGroup;
			children = (
				00E356F21AD99517003FC87E /* DemosAppTests.m */,
				00E356F01AD99517003FC87E /* Supporting Files */,
			);
			path = DemosAppTests;
			sourceTree = "<group>";
		};
		00E356F01AD99517003FC87E /* Supporting Files */ = {
			isa = PBXGroup;
			children = (
				00E356F11AD99517003FC87E /* Info.plist */,
			);
			name = "Supporting Files";
			sourceTree = "<group>";
		};
		13B07FAE1A68108700A75B9A /* DemosApp */ = {
			isa = PBXGroup;
			children = (
				13B07FAF1A68108700A75B9A /* AppDelegate.h */,
				13B07FB01A68108700A75B9A /* AppDelegate.mm */,
				13B07FB51A68108700A75B9A /* Images.xcassets */,
				13B07FB61A68108700A75B9A /* Info.plist */,
				81AB9BB72411601600AC10FF /* LaunchScreen.storyboard */,
				13B07FB71A68108700A75B9A /* main.m */,
			);
			name = DemosApp;
			sourceTree = "<group>";
		};
		196A817C2ABC8C6F0089FB41 /* AirMaps */ = {
			isa = PBXGroup;
			children = (
				196A817D2ABC8C6F0089FB41 /* AIRMapLocalTileManager.h */,
				196A817E2ABC8C6F0089FB41 /* AIRMapCallout.h */,
				196A817F2ABC8C6F0089FB41 /* AIRWeakTimerReference.h */,
				196A81802ABC8C6F0089FB41 /* AIRMapLocalTileOverlay.h */,
				196A81812ABC8C6F0089FB41 /* AIRMapCalloutManager.m */,
				196A81822ABC8C6F0089FB41 /* AIRMap.h */,
				196A81832ABC8C6F0089FB41 /* AIRMapPolygon.h */,
				196A81842ABC8C6F0089FB41 /* AIRMapPolygonManager.h */,
				196A81852ABC8C6F0089FB41 /* AIRMapMarker.h */,
				196A81862ABC8C6F0089FB41 /* AIRMapCircleManager.h */,
				196A81872ABC8C6F0089FB41 /* AIRWeakMapReference.h */,
				196A81882ABC8C6F0089FB41 /* AIRMapUrlTileCachedOverlay.m */,
				196A81892ABC8C6F0089FB41 /* AIRMapPolyline.h */,
				196A818A2ABC8C6F0089FB41 /* AIRMapLocalTile.m */,
				196A818B2ABC8C6F0089FB41 /* AIRMapWMSTileManager.h */,
				196A818C2ABC8C6F0089FB41 /* AIRMapUrlTileManager.h */,
				196A818D2ABC8C6F0089FB41 /* AIRMapMarkerManager.m */,
				196A818E2ABC8C6F0089FB41 /* AIRMapCalloutSubviewManager.h */,
				196A818F2ABC8C6F0089FB41 /* AIRMapUrlTile.m */,
				196A81902ABC8C6F0089FB41 /* AIRMapPolylineRenderer.m */,
				196A81912ABC8C6F0089FB41 /* AIRMapOverlayManager.m */,
				196A81922ABC8C6F0089FB41 /* AIRMapWMSTile.h */,
				196A81932ABC8C6F0089FB41 /* AIRMapCircle.h */,
				196A81942ABC8C6F0089FB41 /* AIRMapCoordinate.m */,
				196A81952ABC8C6F0089FB41 /* RCTConvert+AirMap.h */,
				196A81962ABC8C6F0089FB41 /* AIRMapCalloutSubview.m */,
				196A81972ABC8C6F0089FB41 /* AIRMapOverlay.h */,
				196A81982ABC8C6F0089FB41 /* AIRMapOverlayRenderer.h */,
				196A81992ABC8C6F0089FB41 /* AIRMapManager.h */,
				196A819A2ABC8C6F0089FB41 /* AIRMapPolylineManager.m */,
				196A819B2ABC8C6F0089FB41 /* AIRMapCalloutManager.h */,
				196A819C2ABC8C6F0089FB41 /* Callout */,
				196A819F2ABC8C6F0089FB41 /* AIRMapLocalTileOverlay.m */,
				196A81A02ABC8C6F0089FB41 /* AIRWeakTimerReference.m */,
				196A81A12ABC8C6F0089FB41 /* AIRMapCallout.m */,
				196A81A22ABC8C6F0089FB41 /* AIRMapLocalTileManager.m */,
				196A81A32ABC8C6F0089FB41 /* AIRMapPolyline.m */,
				196A81A42ABC8C6F0089FB41 /* AIRMapSnapshot.h */,
				196A81A52ABC8C6F0089FB41 /* AIRWeakMapReference.m */,
				196A81A62ABC8C6F0089FB41 /* AIRMapUrlTileCachedOverlay.h */,
				196A81A72ABC8C6F0089FB41 /* AIRMapCircleManager.m */,
				196A81A82ABC8C6F0089FB41 /* AIRMapMarker.m */,
				196A81A92ABC8C6F0089FB41 /* AIRMapPolygonManager.m */,
				196A81AA2ABC8C6F0089FB41 /* AIRMapPolygon.m */,
				196A81AB2ABC8C6F0089FB41 /* AIRMap.m */,
				196A81AC2ABC8C6F0089FB41 /* AIRMapCoordinate.h */,
				196A81AD2ABC8C6F0089FB41 /* AIRMapCircle.m */,
				196A81AE2ABC8C6F0089FB41 /* AIRMapOverlayManager.h */,
				196A81AF2ABC8C6F0089FB41 /* AIRMapWMSTile.m */,
				196A81B02ABC8C6F0089FB41 /* AIRMapPolylineRenderer.h */,
				196A81B12ABC8C6F0089FB41 /* AIRMapUrlTile.h */,
				196A81B22ABC8C6F0089FB41 /* AIRMapCalloutSubviewManager.m */,
				196A81B32ABC8C6F0089FB41 /* AIRMapUrlTileManager.m */,
				196A81B42ABC8C6F0089FB41 /* AIRMapMarkerManager.h */,
				196A81B52ABC8C6F0089FB41 /* AIRMapWMSTileManager.m */,
				196A81B62ABC8C6F0089FB41 /* AIRMapLocalTile.h */,
				196A81B72ABC8C6F0089FB41 /* AIRMapPolylineManager.h */,
				196A81B82ABC8C6F0089FB41 /* AIRMapManager.m */,
				196A81B92ABC8C6F0089FB41 /* AIRMapOverlay.m */,
				196A81BA2ABC8C6F0089FB41 /* AIRMapOverlayRenderer.m */,
				196A81BB2ABC8C6F0089FB41 /* AIRMapCalloutSubview.h */,
				196A81BC2ABC8C6F0089FB41 /* RCTConvert+AirMap.m */,
			);
			name = AirMaps;
			path = "../node_modules/react-native-maps/ios/AirMaps";
			sourceTree = "<group>";
		};
		196A819C2ABC8C6F0089FB41 /* Callout */ = {
			isa = PBXGroup;
			children = (
				196A819D2ABC8C6F0089FB41 /* SMCalloutView.m */,
				196A819E2ABC8C6F0089FB41 /* SMCalloutView.h */,
			);
			path = Callout;
			sourceTree = "<group>";
		};
		196A81BD2ABC8C6F0089FB41 /* AirGoogleMaps */ = {
			isa = PBXGroup;
			children = (
				196A81BE2ABC8C6F0089FB41 /* AIRDummyView.m */,
				196A81BF2ABC8C6F0089FB41 /* AIRGoogleMapWMSTile.h */,
				196A81C02ABC8C6F0089FB41 /* AIRGoogleMapPolyline.h */,
				196A81C12ABC8C6F0089FB41 /* AIRGoogleMapHeatmapManager.h */,
				196A81C22ABC8C6F0089FB41 /* AIRGoogleMapUrlTile.m */,
				196A81C32ABC8C6F0089FB41 /* AIRGoogleMapMarkerManager.h */,
				196A81C42ABC8C6F0089FB41 /* AIRGoogleMapCalloutManager.h */,
				196A81C52ABC8C6F0089FB41 /* AIRGoogleMapPolygonManager.m */,
				196A81C62ABC8C6F0089FB41 /* RCTConvert+GMSMapViewType.h */,
				196A81C72ABC8C6F0089FB41 /* AIRGoogleMapManager.h */,
				196A81C82ABC8C6F0089FB41 /* AIRGoogleMapMarker.m */,
				196A81C92ABC8C6F0089FB41 /* AIRGMSPolyline.h */,
				196A81CA2ABC8C6F0089FB41 /* AIRGoogleMapPolylineManager.h */,
				196A81CB2ABC8C6F0089FB41 /* AIRGoogleMapOverlay.h */,
				196A81CC2ABC8C6F0089FB41 /* AIRGMSPolygon.m */,
				196A81CD2ABC8C6F0089FB41 /* AIRGoogleMapURLTileManager.m */,
				196A81CE2ABC8C6F0089FB41 /* AIRGoogleMapWMSTileManager.m */,
				196A81CF2ABC8C6F0089FB41 /* AIRGoogleMapCircle.m */,
				196A81D02ABC8C6F0089FB41 /* AIRGoogleMap.h */,
				196A81D12ABC8C6F0089FB41 /* AIRGoogleMapHeatmap.h */,
				196A81D22ABC8C6F0089FB41 /* AIRGoogleMapOverlayManager.h */,
				196A81D32ABC8C6F0089FB41 /* AIRGoogleMapCallout.h */,
				196A81D42ABC8C6F0089FB41 /* AIRGoogleMapCalloutSubviewManager.h */,
				196A81D52ABC8C6F0089FB41 /* AIRGoogleMapCalloutSubview.h */,
				196A81D62ABC8C6F0089FB41 /* AIRGMSMarker.h */,
				196A81D72ABC8C6F0089FB41 /* AIRGoogleMapCircleManager.m */,
				196A81D82ABC8C6F0089FB41 /* AIRGoogleMapPolygon.h */,
				196A81D92ABC8C6F0089FB41 /* AIRGoogleMapCalloutManager.m */,
				196A81DA2ABC8C6F0089FB41 /* AIRGoogleMapMarkerManager.m */,
				196A81DB2ABC8C6F0089FB41 /* AIRGoogleMapUrlTile.h */,
				196A81DC2ABC8C6F0089FB41 /* AIRGoogleMapPolyline.m */,
				196A81DD2ABC8C6F0089FB41 /* AIRGoogleMapHeatmapManager.m */,
				196A81DE2ABC8C6F0089FB41 /* AIRGoogleMapWMSTile.m */,
				196A81DF2ABC8C6F0089FB41 /* AIRDummyView.h */,
				196A81E02ABC8C6F0089FB41 /* AIRGMSPolygon.h */,
				196A81E12ABC8C6F0089FB41 /* AIRGoogleMapOverlay.m */,
				196A81E22ABC8C6F0089FB41 /* AIRGMSPolyline.m */,
				196A81E32ABC8C6F0089FB41 /* AIRGoogleMapPolylineManager.m */,
				196A81E42ABC8C6F0089FB41 /* AIRGoogleMapManager.m */,
				196A81E52ABC8C6F0089FB41 /* AIRGoogleMapMarker.h */,
				196A81E62ABC8C6F0089FB41 /* AIRGoogleMapPolygonManager.h */,
				196A81E72ABC8C6F0089FB41 /* RCTConvert+GMSMapViewType.m */,
				196A81E82ABC8C6F0089FB41 /* AIRGoogleMapCalloutSubviewManager.m */,
				196A81E92ABC8C6F0089FB41 /* AIRGoogleMapCallout.m */,
				196A81EA2ABC8C6F0089FB41 /* AIRGoogleMapOverlayManager.m */,
				196A81EB2ABC8C6F0089FB41 /* AIRGoogleMapHeatmap.m */,
				196A81EC2ABC8C6F0089FB41 /* AIRGoogleMap.m */,
				196A81ED2ABC8C6F0089FB41 /* AIRGoogleMapCircle.h */,
				196A81EE2ABC8C6F0089FB41 /* AIRGoogleMapWMSTileManager.h */,
				196A81EF2ABC8C6F0089FB41 /* AIRGoogleMapUrlTileManager.h */,
				196A81F02ABC8C6F0089FB41 /* AIRGoogleMapCircleManager.h */,
				196A81F12ABC8C6F0089FB41 /* AIRGoogleMapPolygon.m */,
				196A81F22ABC8C6F0089FB41 /* AIRGMSMarker.m */,
				196A81F32ABC8C6F0089FB41 /* AIRGoogleMapCalloutSubview.m */,
			);
			name = AirGoogleMaps;
			path = "../node_modules/react-native-maps/ios/AirGoogleMaps";
			sourceTree = "<group>";
		};
		2D16E6871FA4F8E400B85C8A /* Frameworks */ = {
			isa = PBXGroup;
			children = (
				ED297162215061F000B7C4FE /* JavaScriptCore.framework */,
				5DCACB8F33CDC322A6C60F78 /* libPods-DemosApp.a */,
				19F6CBCC0A4E27FBF8BF4A61 /* libPods-DemosApp-DemosAppTests.a */,
			);
			name = Frameworks;
			sourceTree = "<group>";
		};
		832341AE1AAA6A7D00B99B32 /* Libraries */ = {
			isa = PBXGroup;
			children = (
			);
			name = Libraries;
			sourceTree = "<group>";
		};
		83CBB9F61A601CBA00E9B192 = {
			isa = PBXGroup;
			children = (
				196A81BD2ABC8C6F0089FB41 /* AirGoogleMaps */,
				196A817C2ABC8C6F0089FB41 /* AirMaps */,
				13B07FAE1A68108700A75B9A /* DemosApp */,
				832341AE1AAA6A7D00B99B32 /* Libraries */,
				00E356EF1AD99517003FC87E /* DemosAppTests */,
				83CBBA001A601CBA00E9B192 /* Products */,
				2D16E6871FA4F8E400B85C8A /* Frameworks */,
				BBD78D7AC51CEA395F1C20DB /* Pods */,
			);
			indentWidth = 2;
			sourceTree = "<group>";
			tabWidth = 2;
			usesTabs = 0;
		};
		83CBBA001A601CBA00E9B192 /* Products */ = {
			isa = PBXGroup;
			children = (
				13B07F961A680F5B00A75B9A /* DemosApp.app */,
				00E356EE1AD99517003FC87E /* DemosAppTests.xctest */,
			);
			name = Products;
			sourceTree = "<group>";
		};
		BBD78D7AC51CEA395F1C20DB /* Pods */ = {
			isa = PBXGroup;
			children = (
				3B4392A12AC88292D35C810B /* Pods-DemosApp.debug.xcconfig */,
				5709B34CF0A7D63546082F79 /* Pods-DemosApp.release.xcconfig */,
				5B7EB9410499542E8C5724F5 /* Pods-DemosApp-DemosAppTests.debug.xcconfig */,
				89C6BE57DB24E9ADA2F236DE /* Pods-DemosApp-DemosAppTests.release.xcconfig */,
			);
			path = Pods;
			sourceTree = "<group>";
		};
/* End PBXGroup section */

/* Begin PBXNativeTarget section */
		00E356ED1AD99517003FC87E /* DemosAppTests */ = {
			isa = PBXNativeTarget;
			buildConfigurationList = 00E357021AD99517003FC87E /* Build configuration list for PBXNativeTarget "DemosAppTests" */;
			buildPhases = (
				A55EABD7B0C7F3A422A6CC61 /* [CP] Check Pods Manifest.lock */,
				00E356EA1AD99517003FC87E /* Sources */,
				00E356EB1AD99517003FC87E /* Frameworks */,
				00E356EC1AD99517003FC87E /* Resources */,
				C59DA0FBD6956966B86A3779 /* [CP] Embed Pods Frameworks */,
				F6A41C54EA430FDDC6A6ED99 /* [CP] Copy Pods Resources */,
			);
			buildRules = (
			);
			dependencies = (
				00E356F51AD99517003FC87E /* PBXTargetDependency */,
			);
			name = DemosAppTests;
			productName = DemosAppTests;
			productReference = 00E356EE1AD99517003FC87E /* DemosAppTests.xctest */;
			productType = "com.apple.product-type.bundle.unit-test";
		};
		13B07F861A680F5B00A75B9A /* DemosApp */ = {
			isa = PBXNativeTarget;
			buildConfigurationList = 13B07F931A680F5B00A75B9A /* Build configuration list for PBXNativeTarget "DemosApp" */;
			buildPhases = (
				C38B50BA6285516D6DCD4F65 /* [CP] Check Pods Manifest.lock */,
				FD10A7F022414F080027D42C /* Start Packager */,
				13B07F871A680F5B00A75B9A /* Sources */,
				13B07F8C1A680F5B00A75B9A /* Frameworks */,
				13B07F8E1A680F5B00A75B9A /* Resources */,
				00DD1BFF1BD5951E006B06BC /* Bundle React Native code and images */,
				00EEFC60759A1932668264C0 /* [CP] Embed Pods Frameworks */,
				E235C05ADACE081382539298 /* [CP] Copy Pods Resources */,
			);
			buildRules = (
			);
			dependencies = (
			);
			name = DemosApp;
			productName = DemosApp;
			productReference = 13B07F961A680F5B00A75B9A /* DemosApp.app */;
			productType = "com.apple.product-type.application";
		};
/* End PBXNativeTarget section */

/* Begin PBXProject section */
		83CBB9F71A601CBA00E9B192 /* Project object */ = {
			isa = PBXProject;
			attributes = {
				LastUpgradeCheck = 1210;
				TargetAttributes = {
					00E356ED1AD99517003FC87E = {
						CreatedOnToolsVersion = 6.2;
						TestTargetID = 13B07F861A680F5B00A75B9A;
					};
					13B07F861A680F5B00A75B9A = {
						LastSwiftMigration = 1120;
					};
				};
			};
			buildConfigurationList = 83CBB9FA1A601CBA00E9B192 /* Build configuration list for PBXProject "DemosApp" */;
			compatibilityVersion = "Xcode 12.0";
			developmentRegion = en;
			hasScannedForEncodings = 0;
			knownRegions = (
				en,
				Base,
			);
			mainGroup = 83CBB9F61A601CBA00E9B192;
			productRefGroup = 83CBBA001A601CBA00E9B192 /* Products */;
			projectDirPath = "";
			projectRoot = "";
			targets = (
				13B07F861A680F5B00A75B9A /* DemosApp */,
				00E356ED1AD99517003FC87E /* DemosAppTests */,
			);
		};
/* End PBXProject section */

/* Begin PBXResourcesBuildPhase section */
		00E356EC1AD99517003FC87E /* Resources */ = {
			isa = PBXResourcesBuildPhase;
			buildActionMask = 2147483647;
			files = (
			);
			runOnlyForDeploymentPostprocessing = 0;
		};
		13B07F8E1A680F5B00A75B9A /* Resources */ = {
			isa = PBXResourcesBuildPhase;
			buildActionMask = 2147483647;
			files = (
				81AB9BB82411601600AC10FF /* LaunchScreen.storyboard in Resources */,
				13B07FBF1A68108700A75B9A /* Images.xcassets in Resources */,
			);
			runOnlyForDeploymentPostprocessing = 0;
		};
/* End PBXResourcesBuildPhase section */

/* Begin PBXShellScriptBuildPhase section */
		00DD1BFF1BD5951E006B06BC /* Bundle React Native code and images */ = {
			isa = PBXShellScriptBuildPhase;
			buildActionMask = 2147483647;
			files = (
			);
			inputPaths = (
				"$(SRCROOT)/.xcode.env.local",
				"$(SRCROOT)/.xcode.env",
			);
			name = "Bundle React Native code and images";
			outputPaths = (
			);
			runOnlyForDeploymentPostprocessing = 0;
			shellPath = /bin/sh;
			shellScript = "set -e\n\nWITH_ENVIRONMENT=\"../node_modules/react-native/scripts/xcode/with-environment.sh\"\nREACT_NATIVE_XCODE=\"../node_modules/react-native/scripts/react-native-xcode.sh\"\n\n/bin/sh -c \"$WITH_ENVIRONMENT $REACT_NATIVE_XCODE\"\n";
		};
		00EEFC60759A1932668264C0 /* [CP] Embed Pods Frameworks */ = {
			isa = PBXShellScriptBuildPhase;
			buildActionMask = 2147483647;
			files = (
			);
			inputFileListPaths = (
				"${PODS_ROOT}/Target Support Files/Pods-DemosApp/Pods-DemosApp-frameworks-${CONFIGURATION}-input-files.xcfilelist",
			);
			name = "[CP] Embed Pods Frameworks";
			outputFileListPaths = (
				"${PODS_ROOT}/Target Support Files/Pods-DemosApp/Pods-DemosApp-frameworks-${CONFIGURATION}-output-files.xcfilelist",
			);
			runOnlyForDeploymentPostprocessing = 0;
			shellPath = /bin/sh;
			shellScript = "\"${PODS_ROOT}/Target Support Files/Pods-DemosApp/Pods-DemosApp-frameworks.sh\"\n";
			showEnvVarsInLog = 0;
		};
		A55EABD7B0C7F3A422A6CC61 /* [CP] Check Pods Manifest.lock */ = {
			isa = PBXShellScriptBuildPhase;
			buildActionMask = 2147483647;
			files = (
			);
			inputFileListPaths = (
			);
			inputPaths = (
				"${PODS_PODFILE_DIR_PATH}/Podfile.lock",
				"${PODS_ROOT}/Manifest.lock",
			);
			name = "[CP] Check Pods Manifest.lock";
			outputFileListPaths = (
			);
			outputPaths = (
				"$(DERIVED_FILE_DIR)/Pods-DemosApp-DemosAppTests-checkManifestLockResult.txt",
			);
			runOnlyForDeploymentPostprocessing = 0;
			shellPath = /bin/sh;
			shellScript = "diff \"${PODS_PODFILE_DIR_PATH}/Podfile.lock\" \"${PODS_ROOT}/Manifest.lock\" > /dev/null\nif [ $? != 0 ] ; then\n    # print error to STDERR\n    echo \"error: The sandbox is not in sync with the Podfile.lock. Run 'pod install' or update your CocoaPods installation.\" >&2\n    exit 1\nfi\n# This output is used by Xcode 'outputs' to avoid re-running this script phase.\necho \"SUCCESS\" > \"${SCRIPT_OUTPUT_FILE_0}\"\n";
			showEnvVarsInLog = 0;
		};
		C38B50BA6285516D6DCD4F65 /* [CP] Check Pods Manifest.lock */ = {
			isa = PBXShellScriptBuildPhase;
			buildActionMask = 2147483647;
			files = (
			);
			inputFileListPaths = (
			);
			inputPaths = (
				"${PODS_PODFILE_DIR_PATH}/Podfile.lock",
				"${PODS_ROOT}/Manifest.lock",
			);
			name = "[CP] Check Pods Manifest.lock";
			outputFileListPaths = (
			);
			outputPaths = (
				"$(DERIVED_FILE_DIR)/Pods-DemosApp-checkManifestLockResult.txt",
			);
			runOnlyForDeploymentPostprocessing = 0;
			shellPath = /bin/sh;
			shellScript = "diff \"${PODS_PODFILE_DIR_PATH}/Podfile.lock\" \"${PODS_ROOT}/Manifest.lock\" > /dev/null\nif [ $? != 0 ] ; then\n    # print error to STDERR\n    echo \"error: The sandbox is not in sync with the Podfile.lock. Run 'pod install' or update your CocoaPods installation.\" >&2\n    exit 1\nfi\n# This output is used by Xcode 'outputs' to avoid re-running this script phase.\necho \"SUCCESS\" > \"${SCRIPT_OUTPUT_FILE_0}\"\n";
			showEnvVarsInLog = 0;
		};
		C59DA0FBD6956966B86A3779 /* [CP] Embed Pods Frameworks */ = {
			isa = PBXShellScriptBuildPhase;
			buildActionMask = 2147483647;
			files = (
			);
			inputFileListPaths = (
				"${PODS_ROOT}/Target Support Files/Pods-DemosApp-DemosAppTests/Pods-DemosApp-DemosAppTests-frameworks-${CONFIGURATION}-input-files.xcfilelist",
			);
			name = "[CP] Embed Pods Frameworks";
			outputFileListPaths = (
				"${PODS_ROOT}/Target Support Files/Pods-DemosApp-DemosAppTests/Pods-DemosApp-DemosAppTests-frameworks-${CONFIGURATION}-output-files.xcfilelist",
			);
			runOnlyForDeploymentPostprocessing = 0;
			shellPath = /bin/sh;
			shellScript = "\"${PODS_ROOT}/Target Support Files/Pods-DemosApp-DemosAppTests/Pods-DemosApp-DemosAppTests-frameworks.sh\"\n";
			showEnvVarsInLog = 0;
		};
		E235C05ADACE081382539298 /* [CP] Copy Pods Resources */ = {
			isa = PBXShellScriptBuildPhase;
			buildActionMask = 2147483647;
			files = (
			);
			inputFileListPaths = (
				"${PODS_ROOT}/Target Support Files/Pods-DemosApp/Pods-DemosApp-resources-${CONFIGURATION}-input-files.xcfilelist",
			);
			name = "[CP] Copy Pods Resources";
			outputFileListPaths = (
				"${PODS_ROOT}/Target Support Files/Pods-DemosApp/Pods-DemosApp-resources-${CONFIGURATION}-output-files.xcfilelist",
			);
			runOnlyForDeploymentPostprocessing = 0;
			shellPath = /bin/sh;
			shellScript = "\"${PODS_ROOT}/Target Support Files/Pods-DemosApp/Pods-DemosApp-resources.sh\"\n";
			showEnvVarsInLog = 0;
		};
		F6A41C54EA430FDDC6A6ED99 /* [CP] Copy Pods Resources */ = {
			isa = PBXShellScriptBuildPhase;
			buildActionMask = 2147483647;
			files = (
			);
			inputFileListPaths = (
				"${PODS_ROOT}/Target Support Files/Pods-DemosApp-DemosAppTests/Pods-DemosApp-DemosAppTests-resources-${CONFIGURATION}-input-files.xcfilelist",
			);
			name = "[CP] Copy Pods Resources";
			outputFileListPaths = (
				"${PODS_ROOT}/Target Support Files/Pods-DemosApp-DemosAppTests/Pods-DemosApp-DemosAppTests-resources-${CONFIGURATION}-output-files.xcfilelist",
			);
			runOnlyForDeploymentPostprocessing = 0;
			shellPath = /bin/sh;
			shellScript = "\"${PODS_ROOT}/Target Support Files/Pods-DemosApp-DemosAppTests/Pods-DemosApp-DemosAppTests-resources.sh\"\n";
			showEnvVarsInLog = 0;
		};
		FD10A7F022414F080027D42C /* Start Packager */ = {
			isa = PBXShellScriptBuildPhase;
			buildActionMask = 2147483647;
			files = (
			);
			inputFileListPaths = (
			);
			inputPaths = (
			);
			name = "Start Packager";
			outputFileListPaths = (
			);
			outputPaths = (
			);
			runOnlyForDeploymentPostprocessing = 0;
			shellPath = /bin/sh;
			shellScript = "export RCT_METRO_PORT=\"${RCT_METRO_PORT:=8081}\"\necho \"export RCT_METRO_PORT=${RCT_METRO_PORT}\" > \"${SRCROOT}/../node_modules/react-native/scripts/.packager.env\"\nif [ -z \"${RCT_NO_LAUNCH_PACKAGER+xxx}\" ] ; then\n  if nc -w 5 -z localhost ${RCT_METRO_PORT} ; then\n    if ! curl -s \"http://localhost:${RCT_METRO_PORT}/status\" | grep -q \"packager-status:running\" ; then\n      echo \"Port ${RCT_METRO_PORT} already in use, packager is either not running or not running correctly\"\n      exit 2\n    fi\n  else\n    open \"$SRCROOT/../node_modules/react-native/scripts/launchPackager.command\" || echo \"Can't start packager automatically\"\n  fi\nfi\n";
			showEnvVarsInLog = 0;
		};
/* End PBXShellScriptBuildPhase section */

/* Begin PBXSourcesBuildPhase section */
		00E356EA1AD99517003FC87E /* Sources */ = {
			isa = PBXSourcesBuildPhase;
			buildActionMask = 2147483647;
			files = (
				00E356F31AD99517003FC87E /* DemosAppTests.m in Sources */,
			);
			runOnlyForDeploymentPostprocessing = 0;
		};
		13B07F871A680F5B00A75B9A /* Sources */ = {
			isa = PBXSourcesBuildPhase;
			buildActionMask = 2147483647;
			files = (
				196A822C2ABC8C6F0089FB41 /* AIRGMSMarker.m in Sources */,
				196A81F92ABC8C6F0089FB41 /* AIRMapPolylineRenderer.m in Sources */,
				196A82222ABC8C6F0089FB41 /* AIRGMSPolyline.m in Sources */,
				196A82142ABC8C6F0089FB41 /* AIRGoogleMapUrlTile.m in Sources */,
				196A822A2ABC8C6F0089FB41 /* AIRGoogleMap.m in Sources */,
				196A820B2ABC8C6F0089FB41 /* AIRMapWMSTile.m in Sources */,
				196A81FC2ABC8C6F0089FB41 /* AIRMapCalloutSubview.m in Sources */,
				196A821C2ABC8C6F0089FB41 /* AIRGoogleMapCalloutManager.m in Sources */,
				196A82042ABC8C6F0089FB41 /* AIRWeakMapReference.m in Sources */,
				196A82132ABC8C6F0089FB41 /* AIRDummyView.m in Sources */,
				196A82122ABC8C6F0089FB41 /* RCTConvert+AirMap.m in Sources */,
				196A82052ABC8C6F0089FB41 /* AIRMapCircleManager.m in Sources */,
				196A82212ABC8C6F0089FB41 /* AIRGoogleMapOverlay.m in Sources */,
				196A82112ABC8C6F0089FB41 /* AIRMapOverlayRenderer.m in Sources */,
				196A821D2ABC8C6F0089FB41 /* AIRGoogleMapMarkerManager.m in Sources */,
				196A820C2ABC8C6F0089FB41 /* AIRMapCalloutSubviewManager.m in Sources */,
				196A82242ABC8C6F0089FB41 /* AIRGoogleMapManager.m in Sources */,
				196A82282ABC8C6F0089FB41 /* AIRGoogleMapOverlayManager.m in Sources */,
				196A821B2ABC8C6F0089FB41 /* AIRGoogleMapCircleManager.m in Sources */,
				196A82162ABC8C6F0089FB41 /* AIRGoogleMapMarker.m in Sources */,
				196A82102ABC8C6F0089FB41 /* AIRMapOverlay.m in Sources */,
				196A81FA2ABC8C6F0089FB41 /* AIRMapOverlayManager.m in Sources */,
				196A82092ABC8C6F0089FB41 /* AIRMap.m in Sources */,
				196A82002ABC8C6F0089FB41 /* AIRWeakTimerReference.m in Sources */,
				196A82202ABC8C6F0089FB41 /* AIRGoogleMapWMSTile.m in Sources */,
				196A821E2ABC8C6F0089FB41 /* AIRGoogleMapPolyline.m in Sources */,
				196A81FD2ABC8C6F0089FB41 /* AIRMapPolylineManager.m in Sources */,
				196A820A2ABC8C6F0089FB41 /* AIRMapCircle.m in Sources */,
				196A822B2ABC8C6F0089FB41 /* AIRGoogleMapPolygon.m in Sources */,
				196A821F2ABC8C6F0089FB41 /* AIRGoogleMapHeatmapManager.m in Sources */,
				196A820F2ABC8C6F0089FB41 /* AIRMapManager.m in Sources */,
				196A82032ABC8C6F0089FB41 /* AIRMapPolyline.m in Sources */,
				196A81FF2ABC8C6F0089FB41 /* AIRMapLocalTileOverlay.m in Sources */,
				196A82252ABC8C6F0089FB41 /* RCTConvert+GMSMapViewType.m in Sources */,
				196A82082ABC8C6F0089FB41 /* AIRMapPolygon.m in Sources */,
				196A81F52ABC8C6F0089FB41 /* AIRMapUrlTileCachedOverlay.m in Sources */,
				196A82152ABC8C6F0089FB41 /* AIRGoogleMapPolygonManager.m in Sources */,
				196A81FE2ABC8C6F0089FB41 /* SMCalloutView.m in Sources */,
				196A82012ABC8C6F0089FB41 /* AIRMapCallout.m in Sources */,
				196A82072ABC8C6F0089FB41 /* AIRMapPolygonManager.m in Sources */,
				196A82262ABC8C6F0089FB41 /* AIRGoogleMapCalloutSubviewManager.m in Sources */,
				196A82232ABC8C6F0089FB41 /* AIRGoogleMapPolylineManager.m in Sources */,
				196A82292ABC8C6F0089FB41 /* AIRGoogleMapHeatmap.m in Sources */,
				196A81F82ABC8C6F0089FB41 /* AIRMapUrlTile.m in Sources */,
				196A820D2ABC8C6F0089FB41 /* AIRMapUrlTileManager.m in Sources */,
				196A82182ABC8C6F0089FB41 /* AIRGoogleMapURLTileManager.m in Sources */,
				196A81F62ABC8C6F0089FB41 /* AIRMapLocalTile.m in Sources */,
				196A822D2ABC8C6F0089FB41 /* AIRGoogleMapCalloutSubview.m in Sources */,
				196A82062ABC8C6F0089FB41 /* AIRMapMarker.m in Sources */,
				196A81FB2ABC8C6F0089FB41 /* AIRMapCoordinate.m in Sources */,
				13B07FBC1A68108700A75B9A /* AppDelegate.mm in Sources */,
				196A82272ABC8C6F0089FB41 /* AIRGoogleMapCallout.m in Sources */,
				196A820E2ABC8C6F0089FB41 /* AIRMapWMSTileManager.m in Sources */,
				196A82172ABC8C6F0089FB41 /* AIRGMSPolygon.m in Sources */,
				196A81F72ABC8C6F0089FB41 /* AIRMapMarkerManager.m in Sources */,
				196A821A2ABC8C6F0089FB41 /* AIRGoogleMapCircle.m in Sources */,
				13B07FC11A68108700A75B9A /* main.m in Sources */,
				196A81F42ABC8C6F0089FB41 /* AIRMapCalloutManager.m in Sources */,
				196A82192ABC8C6F0089FB41 /* AIRGoogleMapWMSTileManager.m in Sources */,
				196A82022ABC8C6F0089FB41 /* AIRMapLocalTileManager.m in Sources */,
			);
			runOnlyForDeploymentPostprocessing = 0;
		};
/* End PBXSourcesBuildPhase section */

/* Begin PBXTargetDependency section */
		00E356F51AD99517003FC87E /* PBXTargetDependency */ = {
			isa = PBXTargetDependency;
			target = 13B07F861A680F5B00A75B9A /* DemosApp */;
			targetProxy = 00E356F41AD99517003FC87E /* PBXContainerItemProxy */;
		};
/* End PBXTargetDependency section */

/* Begin XCBuildConfiguration section */
		00E356F61AD99517003FC87E /* Debug */ = {
			isa = XCBuildConfiguration;
			baseConfigurationReference = 5B7EB9410499542E8C5724F5 /* Pods-DemosApp-DemosAppTests.debug.xcconfig */;
			buildSettings = {
				BUNDLE_LOADER = "$(TEST_HOST)";
				GCC_PREPROCESSOR_DEFINITIONS = (
					"DEBUG=1",
					"$(inherited)",
				);
				INFOPLIST_FILE = DemosAppTests/Info.plist;
				IPHONEOS_DEPLOYMENT_TARGET = 12.4;
				LD_RUNPATH_SEARCH_PATHS = (
					"$(inherited)",
					"@executable_path/Frameworks",
					"@loader_path/Frameworks",
				);
				OTHER_LDFLAGS = (
					"-ObjC",
					"-lc++",
					"$(inherited)",
				);
				PRODUCT_BUNDLE_IDENTIFIER = "org.reactjs.native.example.$(PRODUCT_NAME:rfc1034identifier)";
				PRODUCT_NAME = "$(TARGET_NAME)";
				TEST_HOST = "$(BUILT_PRODUCTS_DIR)/DemosApp.app/DemosApp";
			};
			name = Debug;
		};
		00E356F71AD99517003FC87E /* Release */ = {
			isa = XCBuildConfiguration;
			baseConfigurationReference = 89C6BE57DB24E9ADA2F236DE /* Pods-DemosApp-DemosAppTests.release.xcconfig */;
			buildSettings = {
				BUNDLE_LOADER = "$(TEST_HOST)";
				COPY_PHASE_STRIP = NO;
				INFOPLIST_FILE = DemosAppTests/Info.plist;
				IPHONEOS_DEPLOYMENT_TARGET = 12.4;
				LD_RUNPATH_SEARCH_PATHS = (
					"$(inherited)",
					"@executable_path/Frameworks",
					"@loader_path/Frameworks",
				);
				OTHER_LDFLAGS = (
					"-ObjC",
					"-lc++",
					"$(inherited)",
				);
				PRODUCT_BUNDLE_IDENTIFIER = "org.reactjs.native.example.$(PRODUCT_NAME:rfc1034identifier)";
				PRODUCT_NAME = "$(TARGET_NAME)";
				TEST_HOST = "$(BUILT_PRODUCTS_DIR)/DemosApp.app/DemosApp";
			};
			name = Release;
		};
		13B07F941A680F5B00A75B9A /* Debug */ = {
			isa = XCBuildConfiguration;
			baseConfigurationReference = 3B4392A12AC88292D35C810B /* Pods-DemosApp.debug.xcconfig */;
			buildSettings = {
				ASSETCATALOG_COMPILER_APPICON_NAME = AppIcon;
				CLANG_ENABLE_MODULES = YES;
				CURRENT_PROJECT_VERSION = 1;
				ENABLE_BITCODE = NO;
				INFOPLIST_FILE = DemosApp/Info.plist;
				LD_RUNPATH_SEARCH_PATHS = (
					"$(inherited)",
					"@executable_path/Frameworks",
				);
				MARKETING_VERSION = 1.0;
				OTHER_LDFLAGS = (
					"$(inherited)",
					"-ObjC",
					"-lc++",
				);
				PRODUCT_BUNDLE_IDENTIFIER = "org.reactjs.native.example.$(PRODUCT_NAME:rfc1034identifier)";
				PRODUCT_NAME = DemosApp;
				SWIFT_OPTIMIZATION_LEVEL = "-Onone";
				SWIFT_VERSION = 5.0;
				VERSIONING_SYSTEM = "apple-generic";
			};
			name = Debug;
		};
		13B07F951A680F5B00A75B9A /* Release */ = {
			isa = XCBuildConfiguration;
			baseConfigurationReference = 5709B34CF0A7D63546082F79 /* Pods-DemosApp.release.xcconfig */;
			buildSettings = {
				ASSETCATALOG_COMPILER_APPICON_NAME = AppIcon;
				CLANG_ENABLE_MODULES = YES;
				CURRENT_PROJECT_VERSION = 1;
				INFOPLIST_FILE = DemosApp/Info.plist;
				LD_RUNPATH_SEARCH_PATHS = (
					"$(inherited)",
					"@executable_path/Frameworks",
				);
				MARKETING_VERSION = 1.0;
				OTHER_LDFLAGS = (
					"$(inherited)",
					"-ObjC",
					"-lc++",
				);
				PRODUCT_BUNDLE_IDENTIFIER = "org.reactjs.native.example.$(PRODUCT_NAME:rfc1034identifier)";
				PRODUCT_NAME = DemosApp;
				SWIFT_VERSION = 5.0;
				VERSIONING_SYSTEM = "apple-generic";
			};
			name = Release;
		};
		83CBBA201A601CBA00E9B192 /* Debug */ = {
			isa = XCBuildConfiguration;
			buildSettings = {
				ALWAYS_SEARCH_USER_PATHS = NO;
				CLANG_ANALYZER_LOCALIZABILITY_NONLOCALIZED = YES;
				CLANG_CXX_LANGUAGE_STANDARD = "c++17";
				CLANG_CXX_LIBRARY = "libc++";
				CLANG_ENABLE_MODULES = YES;
				CLANG_ENABLE_OBJC_ARC = YES;
				CLANG_WARN_BLOCK_CAPTURE_AUTORELEASING = YES;
				CLANG_WARN_BOOL_CONVERSION = YES;
				CLANG_WARN_COMMA = YES;
				CLANG_WARN_CONSTANT_CONVERSION = YES;
				CLANG_WARN_DEPRECATED_OBJC_IMPLEMENTATIONS = YES;
				CLANG_WARN_DIRECT_OBJC_ISA_USAGE = YES_ERROR;
				CLANG_WARN_EMPTY_BODY = YES;
				CLANG_WARN_ENUM_CONVERSION = YES;
				CLANG_WARN_INFINITE_RECURSION = YES;
				CLANG_WARN_INT_CONVERSION = YES;
				CLANG_WARN_NON_LITERAL_NULL_CONVERSION = YES;
				CLANG_WARN_OBJC_IMPLICIT_RETAIN_SELF = YES;
				CLANG_WARN_OBJC_LITERAL_CONVERSION = YES;
				CLANG_WARN_OBJC_ROOT_CLASS = YES_ERROR;
				CLANG_WARN_QUOTED_INCLUDE_IN_FRAMEWORK_HEADER = YES;
				CLANG_WARN_RANGE_LOOP_ANALYSIS = YES;
				CLANG_WARN_STRICT_PROTOTYPES = YES;
				CLANG_WARN_SUSPICIOUS_MOVE = YES;
				CLANG_WARN_UNREACHABLE_CODE = YES;
				CLANG_WARN__DUPLICATE_METHOD_MATCH = YES;
				"CODE_SIGN_IDENTITY[sdk=iphoneos*]" = "iPhone Developer";
				COPY_PHASE_STRIP = NO;
				ENABLE_STRICT_OBJC_MSGSEND = YES;
				ENABLE_TESTABILITY = YES;
				"EXCLUDED_ARCHS[sdk=iphonesimulator*]" = i386;
				GCC_C_LANGUAGE_STANDARD = gnu99;
				GCC_DYNAMIC_NO_PIC = NO;
				GCC_NO_COMMON_BLOCKS = YES;
				GCC_OPTIMIZATION_LEVEL = 0;
				GCC_PREPROCESSOR_DEFINITIONS = (
					"DEBUG=1",
					"$(inherited)",
				);
				GCC_SYMBOLS_PRIVATE_EXTERN = NO;
				GCC_WARN_64_TO_32_BIT_CONVERSION = YES;
				GCC_WARN_ABOUT_RETURN_TYPE = YES_ERROR;
				GCC_WARN_UNDECLARED_SELECTOR = YES;
				GCC_WARN_UNINITIALIZED_AUTOS = YES_AGGRESSIVE;
				GCC_WARN_UNUSED_FUNCTION = YES;
				GCC_WARN_UNUSED_VARIABLE = YES;
				IPHONEOS_DEPLOYMENT_TARGET = 12.4;
				LD_RUNPATH_SEARCH_PATHS = (
					/usr/lib/swift,
					"$(inherited)",
				);
				LIBRARY_SEARCH_PATHS = (
					"\"$(SDKROOT)/usr/lib/swift\"",
					"\"$(TOOLCHAIN_DIR)/usr/lib/swift/$(PLATFORM_NAME)\"",
					"\"$(inherited)\"",
				);
				MTL_ENABLE_DEBUG_INFO = YES;
				ONLY_ACTIVE_ARCH = YES;
				OTHER_CFLAGS = "$(inherited)";
				OTHER_CPLUSPLUSFLAGS = (
					"$(OTHER_CFLAGS)",
					"-DFOLLY_NO_CONFIG",
					"-DFOLLY_MOBILE=1",
					"-DFOLLY_USE_LIBCPP=1",
				);
				REACT_NATIVE_PATH = "${PODS_ROOT}/../../node_modules/react-native";
				SDKROOT = iphoneos;
			};
			name = Debug;
		};
		83CBBA211A601CBA00E9B192 /* Release */ = {
			isa = XCBuildConfiguration;
			buildSettings = {
				ALWAYS_SEARCH_USER_PATHS = NO;
				CLANG_ANALYZER_LOCALIZABILITY_NONLOCALIZED = YES;
				CLANG_CXX_LANGUAGE_STANDARD = "c++17";
				CLANG_CXX_LIBRARY = "libc++";
				CLANG_ENABLE_MODULES = YES;
				CLANG_ENABLE_OBJC_ARC = YES;
				CLANG_WARN_BLOCK_CAPTURE_AUTORELEASING = YES;
				CLANG_WARN_BOOL_CONVERSION = YES;
				CLANG_WARN_COMMA = YES;
				CLANG_WARN_CONSTANT_CONVERSION = YES;
				CLANG_WARN_DEPRECATED_OBJC_IMPLEMENTATIONS = YES;
				CLANG_WARN_DIRECT_OBJC_ISA_USAGE = YES_ERROR;
				CLANG_WARN_EMPTY_BODY = YES;
				CLANG_WARN_ENUM_CONVERSION = YES;
				CLANG_WARN_INFINITE_RECURSION = YES;
				CLANG_WARN_INT_CONVERSION = YES;
				CLANG_WARN_NON_LITERAL_NULL_CONVERSION = YES;
				CLANG_WARN_OBJC_IMPLICIT_RETAIN_SELF = YES;
				CLANG_WARN_OBJC_LITERAL_CONVERSION = YES;
				CLANG_WARN_OBJC_ROOT_CLASS = YES_ERROR;
				CLANG_WARN_QUOTED_INCLUDE_IN_FRAMEWORK_HEADER = YES;
				CLANG_WARN_RANGE_LOOP_ANALYSIS = YES;
				CLANG_WARN_STRICT_PROTOTYPES = YES;
				CLANG_WARN_SUSPICIOUS_MOVE = YES;
				CLANG_WARN_UNREACHABLE_CODE = YES;
				CLANG_WARN__DUPLICATE_METHOD_MATCH = YES;
				"CODE_SIGN_IDENTITY[sdk=iphoneos*]" = "iPhone Developer";
				COPY_PHASE_STRIP = YES;
				ENABLE_NS_ASSERTIONS = NO;
				ENABLE_STRICT_OBJC_MSGSEND = YES;
				"EXCLUDED_ARCHS[sdk=iphonesimulator*]" = i386;
				GCC_C_LANGUAGE_STANDARD = gnu99;
				GCC_NO_COMMON_BLOCKS = YES;
				GCC_WARN_64_TO_32_BIT_CONVERSION = YES;
				GCC_WARN_ABOUT_RETURN_TYPE = YES_ERROR;
				GCC_WARN_UNDECLARED_SELECTOR = YES;
				GCC_WARN_UNINITIALIZED_AUTOS = YES_AGGRESSIVE;
				GCC_WARN_UNUSED_FUNCTION = YES;
				GCC_WARN_UNUSED_VARIABLE = YES;
				IPHONEOS_DEPLOYMENT_TARGET = 12.4;
				LD_RUNPATH_SEARCH_PATHS = (
					/usr/lib/swift,
					"$(inherited)",
				);
				LIBRARY_SEARCH_PATHS = (
					"\"$(SDKROOT)/usr/lib/swift\"",
					"\"$(TOOLCHAIN_DIR)/usr/lib/swift/$(PLATFORM_NAME)\"",
					"\"$(inherited)\"",
				);
				MTL_ENABLE_DEBUG_INFO = NO;
				OTHER_CFLAGS = "$(inherited)";
				OTHER_CPLUSPLUSFLAGS = (
					"$(OTHER_CFLAGS)",
					"-DFOLLY_NO_CONFIG",
					"-DFOLLY_MOBILE=1",
					"-DFOLLY_USE_LIBCPP=1",
				);
				REACT_NATIVE_PATH = "${PODS_ROOT}/../../node_modules/react-native";
				SDKROOT = iphoneos;
				VALIDATE_PRODUCT = YES;
			};
			name = Release;
		};
/* End XCBuildConfiguration section */

/* Begin XCConfigurationList section */
		00E357021AD99517003FC87E /* Build configuration list for PBXNativeTarget "DemosAppTests" */ = {
			isa = XCConfigurationList;
			buildConfigurations = (
				00E356F61AD99517003FC87E /* Debug */,
				00E356F71AD99517003FC87E /* Release */,
			);
			defaultConfigurationIsVisible = 0;
			defaultConfigurationName = Release;
		};
		13B07F931A680F5B00A75B9A /* Build configuration list for PBXNativeTarget "DemosApp" */ = {
			isa = XCConfigurationList;
			buildConfigurations = (
				13B07F941A680F5B00A75B9A /* Debug */,
				13B07F951A680F5B00A75B9A /* Release */,
			);
			defaultConfigurationIsVisible = 0;
			defaultConfigurationName = Release;
		};
		83CBB9FA1A601CBA00E9B192 /* Build configuration list for PBXProject "DemosApp" */ = {
			isa = XCConfigurationList;
			buildConfigurations = (
				83CBBA201A601CBA00E9B192 /* Debug */,
				83CBBA211A601CBA00E9B192 /* Release */,
			);
			defaultConfigurationIsVisible = 0;
			defaultConfigurationName = Release;
		};
/* End XCConfigurationList section */
	};
	rootObject = 83CBB9F71A601CBA00E9B192 /* Project object */;
}
